// !$*UTF8*$!
{
	archiveVersion = 1;
	classes = {
	};
	objectVersion = 46;
	objects = {

/* Begin PBXBuildFile section */
		CC4CADA81CB230FF00041D09 /* main.m in Sources */ = {isa = PBXBuildFile; fileRef = CC4CADA71CB230FF00041D09 /* main.m */; };
		CC4CADAB1CB230FF00041D09 /* AppDelegate.m in Sources */ = {isa = PBXBuildFile; fileRef = CC4CADAA1CB230FF00041D09 /* AppDelegate.m */; };
		CC4CADB11CB230FF00041D09 /* Main.storyboard in Resources */ = {isa = PBXBuildFile; fileRef = CC4CADAF1CB230FF00041D09 /* Main.storyboard */; };
		CC4CADB31CB230FF00041D09 /* Assets.xcassets in Resources */ = {isa = PBXBuildFile; fileRef = CC4CADB21CB230FF00041D09 /* Assets.xcassets */; };
		CC4CADB61CB230FF00041D09 /* LaunchScreen.storyboard in Resources */ = {isa = PBXBuildFile; fileRef = CC4CADB41CB230FF00041D09 /* LaunchScreen.storyboard */; };
		CC4CADC11CB230FF00041D09 /* MGLoveFreshBeenTests.m in Sources */ = {isa = PBXBuildFile; fileRef = CC4CADC01CB230FF00041D09 /* MGLoveFreshBeenTests.m */; };
		CC4CADEF1CB2369E00041D09 /* LICENSE.txt in Resources */ = {isa = PBXBuildFile; fileRef = CC4CADE71CB2369E00041D09 /* LICENSE.txt */; };
		CC4CADF01CB2369E00041D09 /* README.md in Sources */ = {isa = PBXBuildFile; fileRef = CC4CADE81CB2369E00041D09 /* README.md */; };
		CC4CADF11CB2369E00041D09 /* SVIndefiniteAnimatedView.m in Sources */ = {isa = PBXBuildFile; fileRef = CC4CADEB1CB2369E00041D09 /* SVIndefiniteAnimatedView.m */; };
		CC4CADF21CB2369E00041D09 /* SVProgressHUD.bundle in Resources */ = {isa = PBXBuildFile; fileRef = CC4CADEC1CB2369E00041D09 /* SVProgressHUD.bundle */; };
		CC4CADF31CB2369E00041D09 /* SVProgressHUD.m in Sources */ = {isa = PBXBuildFile; fileRef = CC4CADEE1CB2369E00041D09 /* SVProgressHUD.m */; };
		CC4CADF81CB2371600041D09 /* MGConst.m in Sources */ = {isa = PBXBuildFile; fileRef = CC4CADF71CB2371600041D09 /* MGConst.m */; };
		CC4CADFB1CB2683200041D09 /* MGTabBarController.m in Sources */ = {isa = PBXBuildFile; fileRef = CC4CADFA1CB2683200041D09 /* MGTabBarController.m */; };
		CC4CAE2C1CB268B800041D09 /* LICENSE in Resources */ = {isa = PBXBuildFile; fileRef = CC4CADFD1CB268B800041D09 /* LICENSE */; };
		CC4CAE2D1CB268B800041D09 /* MJRefreshAutoFooter.m in Sources */ = {isa = PBXBuildFile; fileRef = CC4CAE011CB268B800041D09 /* MJRefreshAutoFooter.m */; };
		CC4CAE2E1CB268B800041D09 /* MJRefreshBackFooter.m in Sources */ = {isa = PBXBuildFile; fileRef = CC4CAE031CB268B800041D09 /* MJRefreshBackFooter.m */; };
		CC4CAE2F1CB268B800041D09 /* MJRefreshComponent.m in Sources */ = {isa = PBXBuildFile; fileRef = CC4CAE051CB268B800041D09 /* MJRefreshComponent.m */; };
		CC4CAE301CB268B800041D09 /* MJRefreshFooter.m in Sources */ = {isa = PBXBuildFile; fileRef = CC4CAE071CB268B800041D09 /* MJRefreshFooter.m */; };
		CC4CAE311CB268B800041D09 /* MJRefreshHeader.m in Sources */ = {isa = PBXBuildFile; fileRef = CC4CAE091CB268B800041D09 /* MJRefreshHeader.m */; };
		CC4CAE321CB268B800041D09 /* MJRefreshAutoGifFooter.m in Sources */ = {isa = PBXBuildFile; fileRef = CC4CAE0E1CB268B800041D09 /* MJRefreshAutoGifFooter.m */; };
		CC4CAE331CB268B800041D09 /* MJRefreshAutoNormalFooter.m in Sources */ = {isa = PBXBuildFile; fileRef = CC4CAE101CB268B800041D09 /* MJRefreshAutoNormalFooter.m */; };
		CC4CAE341CB268B800041D09 /* MJRefreshAutoStateFooter.m in Sources */ = {isa = PBXBuildFile; fileRef = CC4CAE121CB268B800041D09 /* MJRefreshAutoStateFooter.m */; };
		CC4CAE351CB268B800041D09 /* MJRefreshBackGifFooter.m in Sources */ = {isa = PBXBuildFile; fileRef = CC4CAE151CB268B800041D09 /* MJRefreshBackGifFooter.m */; };
		CC4CAE361CB268B800041D09 /* MJRefreshBackNormalFooter.m in Sources */ = {isa = PBXBuildFile; fileRef = CC4CAE171CB268B800041D09 /* MJRefreshBackNormalFooter.m */; };
		CC4CAE371CB268B800041D09 /* MJRefreshBackStateFooter.m in Sources */ = {isa = PBXBuildFile; fileRef = CC4CAE191CB268B800041D09 /* MJRefreshBackStateFooter.m */; };
		CC4CAE381CB268B800041D09 /* MJRefreshGifHeader.m in Sources */ = {isa = PBXBuildFile; fileRef = CC4CAE1C1CB268B800041D09 /* MJRefreshGifHeader.m */; };
		CC4CAE391CB268B800041D09 /* MJRefreshNormalHeader.m in Sources */ = {isa = PBXBuildFile; fileRef = CC4CAE1E1CB268B800041D09 /* MJRefreshNormalHeader.m */; };
		CC4CAE3A1CB268B800041D09 /* MJRefreshStateHeader.m in Sources */ = {isa = PBXBuildFile; fileRef = CC4CAE201CB268B800041D09 /* MJRefreshStateHeader.m */; };
		CC4CAE3B1CB268B800041D09 /* MJRefresh.bundle in Resources */ = {isa = PBXBuildFile; fileRef = CC4CAE211CB268B800041D09 /* MJRefresh.bundle */; };
		CC4CAE3C1CB268B800041D09 /* MJRefreshConst.m in Sources */ = {isa = PBXBuildFile; fileRef = CC4CAE241CB268B800041D09 /* MJRefreshConst.m */; };
		CC4CAE3D1CB268B800041D09 /* UIScrollView+MJExtension.m in Sources */ = {isa = PBXBuildFile; fileRef = CC4CAE261CB268B800041D09 /* UIScrollView+MJExtension.m */; };
		CC4CAE3E1CB268B800041D09 /* UIScrollView+MJRefresh.m in Sources */ = {isa = PBXBuildFile; fileRef = CC4CAE281CB268B800041D09 /* UIScrollView+MJRefresh.m */; };
		CC4CAE3F1CB268B800041D09 /* UIView+MJExtension.m in Sources */ = {isa = PBXBuildFile; fileRef = CC4CAE2A1CB268B800041D09 /* UIView+MJExtension.m */; };
		CC4CAE401CB268B800041D09 /* README.md in Sources */ = {isa = PBXBuildFile; fileRef = CC4CAE2B1CB268B800041D09 /* README.md */; };
		CC4CAE621CB268BF00041D09 /* LICENSE in Resources */ = {isa = PBXBuildFile; fileRef = CC4CAE421CB268BF00041D09 /* LICENSE */; };
		CC4CAE631CB268BF00041D09 /* README.md in Sources */ = {isa = PBXBuildFile; fileRef = CC4CAE431CB268BF00041D09 /* README.md */; };
		CC4CAE641CB268BF00041D09 /* NSData+ImageContentType.m in Sources */ = {isa = PBXBuildFile; fileRef = CC4CAE461CB268BF00041D09 /* NSData+ImageContentType.m */; };
		CC4CAE651CB268BF00041D09 /* SDImageCache.m in Sources */ = {isa = PBXBuildFile; fileRef = CC4CAE481CB268BF00041D09 /* SDImageCache.m */; };
		CC4CAE661CB268BF00041D09 /* SDWebImageCompat.m in Sources */ = {isa = PBXBuildFile; fileRef = CC4CAE4A1CB268BF00041D09 /* SDWebImageCompat.m */; };
		CC4CAE671CB268BF00041D09 /* SDWebImageDecoder.m in Sources */ = {isa = PBXBuildFile; fileRef = CC4CAE4C1CB268BF00041D09 /* SDWebImageDecoder.m */; };
		CC4CAE681CB268BF00041D09 /* SDWebImageDownloader.m in Sources */ = {isa = PBXBuildFile; fileRef = CC4CAE4E1CB268BF00041D09 /* SDWebImageDownloader.m */; };
		CC4CAE691CB268BF00041D09 /* SDWebImageDownloaderOperation.m in Sources */ = {isa = PBXBuildFile; fileRef = CC4CAE501CB268BF00041D09 /* SDWebImageDownloaderOperation.m */; };
		CC4CAE6A1CB268BF00041D09 /* SDWebImageManager.m in Sources */ = {isa = PBXBuildFile; fileRef = CC4CAE521CB268BF00041D09 /* SDWebImageManager.m */; };
		CC4CAE6B1CB268BF00041D09 /* SDWebImagePrefetcher.m in Sources */ = {isa = PBXBuildFile; fileRef = CC4CAE551CB268BF00041D09 /* SDWebImagePrefetcher.m */; };
		CC4CAE6C1CB268BF00041D09 /* UIButton+WebCache.m in Sources */ = {isa = PBXBuildFile; fileRef = CC4CAE571CB268BF00041D09 /* UIButton+WebCache.m */; };
		CC4CAE6D1CB268BF00041D09 /* UIImage+GIF.m in Sources */ = {isa = PBXBuildFile; fileRef = CC4CAE591CB268BF00041D09 /* UIImage+GIF.m */; };
		CC4CAE6E1CB268BF00041D09 /* UIImage+MultiFormat.m in Sources */ = {isa = PBXBuildFile; fileRef = CC4CAE5B1CB268BF00041D09 /* UIImage+MultiFormat.m */; };
		CC4CAE6F1CB268BF00041D09 /* UIImageView+HighlightedWebCache.m in Sources */ = {isa = PBXBuildFile; fileRef = CC4CAE5D1CB268BF00041D09 /* UIImageView+HighlightedWebCache.m */; };
		CC4CAE701CB268BF00041D09 /* UIImageView+WebCache.m in Sources */ = {isa = PBXBuildFile; fileRef = CC4CAE5F1CB268BF00041D09 /* UIImageView+WebCache.m */; };
		CC4CAE711CB268BF00041D09 /* UIView+WebCacheOperation.m in Sources */ = {isa = PBXBuildFile; fileRef = CC4CAE611CB268BF00041D09 /* UIView+WebCacheOperation.m */; };
		CC4CAE981CB268C700041D09 /* AFHTTPSessionManager.m in Sources */ = {isa = PBXBuildFile; fileRef = CC4CAE751CB268C700041D09 /* AFHTTPSessionManager.m */; };
		CC4CAE991CB268C700041D09 /* AFNetworkReachabilityManager.m in Sources */ = {isa = PBXBuildFile; fileRef = CC4CAE781CB268C700041D09 /* AFNetworkReachabilityManager.m */; };
		CC4CAE9A1CB268C700041D09 /* AFSecurityPolicy.m in Sources */ = {isa = PBXBuildFile; fileRef = CC4CAE7A1CB268C700041D09 /* AFSecurityPolicy.m */; };
		CC4CAE9B1CB268C700041D09 /* AFURLRequestSerialization.m in Sources */ = {isa = PBXBuildFile; fileRef = CC4CAE7C1CB268C700041D09 /* AFURLRequestSerialization.m */; };
		CC4CAE9C1CB268C700041D09 /* AFURLResponseSerialization.m in Sources */ = {isa = PBXBuildFile; fileRef = CC4CAE7E1CB268C700041D09 /* AFURLResponseSerialization.m */; };
		CC4CAE9D1CB268C700041D09 /* AFURLSessionManager.m in Sources */ = {isa = PBXBuildFile; fileRef = CC4CAE801CB268C700041D09 /* AFURLSessionManager.m */; };
		CC4CAE9E1CB268C700041D09 /* LICENSE in Resources */ = {isa = PBXBuildFile; fileRef = CC4CAE811CB268C700041D09 /* LICENSE */; };
		CC4CAE9F1CB268C700041D09 /* README.md in Sources */ = {isa = PBXBuildFile; fileRef = CC4CAE821CB268C700041D09 /* README.md */; };
		CC4CAEA01CB268C700041D09 /* AFAutoPurgingImageCache.m in Sources */ = {isa = PBXBuildFile; fileRef = CC4CAE851CB268C700041D09 /* AFAutoPurgingImageCache.m */; };
		CC4CAEA11CB268C700041D09 /* AFImageDownloader.m in Sources */ = {isa = PBXBuildFile; fileRef = CC4CAE871CB268C700041D09 /* AFImageDownloader.m */; };
		CC4CAEA21CB268C700041D09 /* AFNetworkActivityIndicatorManager.m in Sources */ = {isa = PBXBuildFile; fileRef = CC4CAE891CB268C700041D09 /* AFNetworkActivityIndicatorManager.m */; };
		CC4CAEA31CB268C700041D09 /* UIActivityIndicatorView+AFNetworking.m in Sources */ = {isa = PBXBuildFile; fileRef = CC4CAE8B1CB268C700041D09 /* UIActivityIndicatorView+AFNetworking.m */; };
		CC4CAEA41CB268C700041D09 /* UIButton+AFNetworking.m in Sources */ = {isa = PBXBuildFile; fileRef = CC4CAE8D1CB268C700041D09 /* UIButton+AFNetworking.m */; };
		CC4CAEA51CB268C700041D09 /* UIImageView+AFNetworking.m in Sources */ = {isa = PBXBuildFile; fileRef = CC4CAE901CB268C700041D09 /* UIImageView+AFNetworking.m */; };
		CC4CAEA61CB268C700041D09 /* UIProgressView+AFNetworking.m in Sources */ = {isa = PBXBuildFile; fileRef = CC4CAE931CB268C700041D09 /* UIProgressView+AFNetworking.m */; };
		CC4CAEA71CB268C700041D09 /* UIRefreshControl+AFNetworking.m in Sources */ = {isa = PBXBuildFile; fileRef = CC4CAE951CB268C700041D09 /* UIRefreshControl+AFNetworking.m */; };
		CC4CAEA81CB268C700041D09 /* UIWebView+AFNetworking.m in Sources */ = {isa = PBXBuildFile; fileRef = CC4CAE971CB268C700041D09 /* UIWebView+AFNetworking.m */; };
		CC4CAF041CB2D90D00041D09 /* MinePlist.plist in Resources */ = {isa = PBXBuildFile; fileRef = CC4CAEF31CB2D90D00041D09 /* MinePlist.plist */; };
		CC4CAF051CB2D90D00041D09 /* HelpPlist.plist in Resources */ = {isa = PBXBuildFile; fileRef = CC4CAEF41CB2D90D00041D09 /* HelpPlist.plist */; };
		CC4CAF061CB2D90D00041D09 /* 首页焦点按钮 in Resources */ = {isa = PBXBuildFile; fileRef = CC4CAEF51CB2D90D00041D09 /* 首页焦点按钮 */; };
		CC4CAF071CB2D90D00041D09 /* FocusURL.plist in Resources */ = {isa = PBXBuildFile; fileRef = CC4CAEF61CB2D90D00041D09 /* FocusURL.plist */; };
		CC4CAF081CB2D90D00041D09 /* supermarket in Resources */ = {isa = PBXBuildFile; fileRef = CC4CAEF71CB2D90D00041D09 /* supermarket */; };
		CC4CAF091CB2D90D00041D09 /* SearchProduct in Resources */ = {isa = PBXBuildFile; fileRef = CC4CAEF81CB2D90D00041D09 /* SearchProduct */; };
		CC4CAF0A1CB2D90D00041D09 /* AD in Resources */ = {isa = PBXBuildFile; fileRef = CC4CAEF91CB2D90D00041D09 /* AD */; };
		CC4CAF0B1CB2D90D00041D09 /* 促销 in Resources */ = {isa = PBXBuildFile; fileRef = CC4CAEFA1CB2D90D00041D09 /* 促销 */; };
		CC4CAF0C1CB2D90D00041D09 /* Search in Resources */ = {isa = PBXBuildFile; fileRef = CC4CAEFB1CB2D90D00041D09 /* Search */; };
		CC4CAF0D1CB2D90D00041D09 /* 首页新鲜热卖 in Resources */ = {isa = PBXBuildFile; fileRef = CC4CAEFC1CB2D90D00041D09 /* 首页新鲜热卖 */; };
		CC4CAF0E1CB2D90D00041D09 /* MyCoupon in Resources */ = {isa = PBXBuildFile; fileRef = CC4CAEFD1CB2D90D00041D09 /* MyCoupon */; };
		CC4CAF0F1CB2D90D00041D09 /* Mine in Resources */ = {isa = PBXBuildFile; fileRef = CC4CAEFE1CB2D90D00041D09 /* Mine */; };
		CC4CAF101CB2D90D00041D09 /* 系统消息 in Resources */ = {isa = PBXBuildFile; fileRef = CC4CAEFF1CB2D90D00041D09 /* 系统消息 */; };
		CC4CAF111CB2D90D00041D09 /* MyOrders in Resources */ = {isa = PBXBuildFile; fileRef = CC4CAF001CB2D90D00041D09 /* MyOrders */; };
		CC4CAF121CB2D90D00041D09 /* MyAdress in Resources */ = {isa = PBXBuildFile; fileRef = CC4CAF011CB2D90D00041D09 /* MyAdress */; };
		CC4CAF131CB2D90D00041D09 /* SystemMessage in Resources */ = {isa = PBXBuildFile; fileRef = CC4CAF021CB2D90D00041D09 /* SystemMessage */; };
		CC4CAF141CB2D90D00041D09 /* UserMessage in Resources */ = {isa = PBXBuildFile; fileRef = CC4CAF031CB2D90D00041D09 /* UserMessage */; };
		CC4CAF1A1CB2DAAE00041D09 /* MGAdvertViewController.m in Sources */ = {isa = PBXBuildFile; fileRef = CC4CAF191CB2DAAE00041D09 /* MGAdvertViewController.m */; };
		CC4CAF201CB2DF1000041D09 /* MGHomeViewController.m in Sources */ = {isa = PBXBuildFile; fileRef = CC4CAF1F1CB2DF1000041D09 /* MGHomeViewController.m */; };
		CC4CAF231CB2DF3000041D09 /* MGMarketViewController.m in Sources */ = {isa = PBXBuildFile; fileRef = CC4CAF221CB2DF3000041D09 /* MGMarketViewController.m */; };
		CC4CAF261CB2DF3D00041D09 /* MGMineViewController.m in Sources */ = {isa = PBXBuildFile; fileRef = CC4CAF251CB2DF3D00041D09 /* MGMineViewController.m */; };
		CC4CAF291CB2DF4E00041D09 /* MGCartViewController.m in Sources */ = {isa = PBXBuildFile; fileRef = CC4CAF281CB2DF4E00041D09 /* MGCartViewController.m */; };
		CC4CAF2C1CB2DF7700041D09 /* UIColor+MG.m in Sources */ = {isa = PBXBuildFile; fileRef = CC4CAF2B1CB2DF7700041D09 /* UIColor+MG.m */; };
		CC4CAF2F1CB2E2BD00041D09 /* MGNavigationController.m in Sources */ = {isa = PBXBuildFile; fileRef = CC4CAF2E1CB2E2BD00041D09 /* MGNavigationController.m */; };
/* End PBXBuildFile section */

/* Begin PBXContainerItemProxy section */
		CC4CADBD1CB230FF00041D09 /* PBXContainerItemProxy */ = {
			isa = PBXContainerItemProxy;
			containerPortal = CC4CAD9B1CB230FF00041D09 /* Project object */;
			proxyType = 1;
			remoteGlobalIDString = CC4CADA21CB230FF00041D09;
			remoteInfo = MGLoveFreshBeen;
		};
/* End PBXContainerItemProxy section */

/* Begin PBXFileReference section */
		CC4CADA31CB230FF00041D09 /* MGLoveFreshBeen.app */ = {isa = PBXFileReference; explicitFileType = wrapper.application; includeInIndex = 0; path = MGLoveFreshBeen.app; sourceTree = BUILT_PRODUCTS_DIR; };
		CC4CADA71CB230FF00041D09 /* main.m */ = {isa = PBXFileReference; lastKnownFileType = sourcecode.c.objc; path = main.m; sourceTree = "<group>"; };
		CC4CADA91CB230FF00041D09 /* AppDelegate.h */ = {isa = PBXFileReference; lastKnownFileType = sourcecode.c.h; path = AppDelegate.h; sourceTree = "<group>"; };
		CC4CADAA1CB230FF00041D09 /* AppDelegate.m */ = {isa = PBXFileReference; lastKnownFileType = sourcecode.c.objc; path = AppDelegate.m; sourceTree = "<group>"; };
		CC4CADB01CB230FF00041D09 /* Base */ = {isa = PBXFileReference; lastKnownFileType = file.storyboard; name = Base; path = Base.lproj/Main.storyboard; sourceTree = "<group>"; };
		CC4CADB21CB230FF00041D09 /* Assets.xcassets */ = {isa = PBXFileReference; lastKnownFileType = folder.assetcatalog; path = Assets.xcassets; sourceTree = "<group>"; };
		CC4CADB51CB230FF00041D09 /* Base */ = {isa = PBXFileReference; lastKnownFileType = file.storyboard; name = Base; path = Base.lproj/LaunchScreen.storyboard; sourceTree = "<group>"; };
		CC4CADB71CB230FF00041D09 /* Info.plist */ = {isa = PBXFileReference; lastKnownFileType = text.plist.xml; path = Info.plist; sourceTree = "<group>"; };
		CC4CADBC1CB230FF00041D09 /* MGLoveFreshBeenTests.xctest */ = {isa = PBXFileReference; explicitFileType = wrapper.cfbundle; includeInIndex = 0; path = MGLoveFreshBeenTests.xctest; sourceTree = BUILT_PRODUCTS_DIR; };
		CC4CADC01CB230FF00041D09 /* MGLoveFreshBeenTests.m */ = {isa = PBXFileReference; lastKnownFileType = sourcecode.c.objc; path = MGLoveFreshBeenTests.m; sourceTree = "<group>"; };
		CC4CADC21CB230FF00041D09 /* Info.plist */ = {isa = PBXFileReference; lastKnownFileType = text.plist.xml; path = Info.plist; sourceTree = "<group>"; };
		CC4CADD01CB2321A00041D09 /* PrefixHeader.pch */ = {isa = PBXFileReference; fileEncoding = 4; lastKnownFileType = sourcecode.c.h; path = PrefixHeader.pch; sourceTree = "<group>"; };
		CC4CADE71CB2369E00041D09 /* LICENSE.txt */ = {isa = PBXFileReference; fileEncoding = 4; lastKnownFileType = text; path = LICENSE.txt; sourceTree = "<group>"; };
		CC4CADE81CB2369E00041D09 /* README.md */ = {isa = PBXFileReference; fileEncoding = 4; lastKnownFileType = net.daringfireball.markdown; path = README.md; sourceTree = "<group>"; };
		CC4CADEA1CB2369E00041D09 /* SVIndefiniteAnimatedView.h */ = {isa = PBXFileReference; fileEncoding = 4; lastKnownFileType = sourcecode.c.h; path = SVIndefiniteAnimatedView.h; sourceTree = "<group>"; };
		CC4CADEB1CB2369E00041D09 /* SVIndefiniteAnimatedView.m */ = {isa = PBXFileReference; fileEncoding = 4; lastKnownFileType = sourcecode.c.objc; path = SVIndefiniteAnimatedView.m; sourceTree = "<group>"; };
		CC4CADEC1CB2369E00041D09 /* SVProgressHUD.bundle */ = {isa = PBXFileReference; lastKnownFileType = "wrapper.plug-in"; path = SVProgressHUD.bundle; sourceTree = "<group>"; };
		CC4CADED1CB2369E00041D09 /* SVProgressHUD.h */ = {isa = PBXFileReference; fileEncoding = 4; lastKnownFileType = sourcecode.c.h; path = SVProgressHUD.h; sourceTree = "<group>"; };
		CC4CADEE1CB2369E00041D09 /* SVProgressHUD.m */ = {isa = PBXFileReference; fileEncoding = 4; lastKnownFileType = sourcecode.c.objc; path = SVProgressHUD.m; sourceTree = "<group>"; };
		CC4CADF61CB2371600041D09 /* MGConst.h */ = {isa = PBXFileReference; fileEncoding = 4; lastKnownFileType = sourcecode.c.h; path = MGConst.h; sourceTree = "<group>"; };
		CC4CADF71CB2371600041D09 /* MGConst.m */ = {isa = PBXFileReference; fileEncoding = 4; lastKnownFileType = sourcecode.c.objc; path = MGConst.m; sourceTree = "<group>"; };
		CC4CADF91CB2683200041D09 /* MGTabBarController.h */ = {isa = PBXFileReference; fileEncoding = 4; lastKnownFileType = sourcecode.c.h; path = MGTabBarController.h; sourceTree = "<group>"; };
		CC4CADFA1CB2683200041D09 /* MGTabBarController.m */ = {isa = PBXFileReference; fileEncoding = 4; lastKnownFileType = sourcecode.c.objc; path = MGTabBarController.m; sourceTree = "<group>"; };
		CC4CADFD1CB268B800041D09 /* LICENSE */ = {isa = PBXFileReference; fileEncoding = 4; lastKnownFileType = text; path = LICENSE; sourceTree = "<group>"; };
		CC4CAE001CB268B800041D09 /* MJRefreshAutoFooter.h */ = {isa = PBXFileReference; fileEncoding = 4; lastKnownFileType = sourcecode.c.h; path = MJRefreshAutoFooter.h; sourceTree = "<group>"; };
		CC4CAE011CB268B800041D09 /* MJRefreshAutoFooter.m */ = {isa = PBXFileReference; fileEncoding = 4; lastKnownFileType = sourcecode.c.objc; path = MJRefreshAutoFooter.m; sourceTree = "<group>"; };
		CC4CAE021CB268B800041D09 /* MJRefreshBackFooter.h */ = {isa = PBXFileReference; fileEncoding = 4; lastKnownFileType = sourcecode.c.h; path = MJRefreshBackFooter.h; sourceTree = "<group>"; };
		CC4CAE031CB268B800041D09 /* MJRefreshBackFooter.m */ = {isa = PBXFileReference; fileEncoding = 4; lastKnownFileType = sourcecode.c.objc; path = MJRefreshBackFooter.m; sourceTree = "<group>"; };
		CC4CAE041CB268B800041D09 /* MJRefreshComponent.h */ = {isa = PBXFileReference; fileEncoding = 4; lastKnownFileType = sourcecode.c.h; path = MJRefreshComponent.h; sourceTree = "<group>"; };
		CC4CAE051CB268B800041D09 /* MJRefreshComponent.m */ = {isa = PBXFileReference; fileEncoding = 4; lastKnownFileType = sourcecode.c.objc; path = MJRefreshComponent.m; sourceTree = "<group>"; };
		CC4CAE061CB268B800041D09 /* MJRefreshFooter.h */ = {isa = PBXFileReference; fileEncoding = 4; lastKnownFileType = sourcecode.c.h; path = MJRefreshFooter.h; sourceTree = "<group>"; };
		CC4CAE071CB268B800041D09 /* MJRefreshFooter.m */ = {isa = PBXFileReference; fileEncoding = 4; lastKnownFileType = sourcecode.c.objc; path = MJRefreshFooter.m; sourceTree = "<group>"; };
		CC4CAE081CB268B800041D09 /* MJRefreshHeader.h */ = {isa = PBXFileReference; fileEncoding = 4; lastKnownFileType = sourcecode.c.h; path = MJRefreshHeader.h; sourceTree = "<group>"; };
		CC4CAE091CB268B800041D09 /* MJRefreshHeader.m */ = {isa = PBXFileReference; fileEncoding = 4; lastKnownFileType = sourcecode.c.objc; path = MJRefreshHeader.m; sourceTree = "<group>"; };
		CC4CAE0D1CB268B800041D09 /* MJRefreshAutoGifFooter.h */ = {isa = PBXFileReference; fileEncoding = 4; lastKnownFileType = sourcecode.c.h; path = MJRefreshAutoGifFooter.h; sourceTree = "<group>"; };
		CC4CAE0E1CB268B800041D09 /* MJRefreshAutoGifFooter.m */ = {isa = PBXFileReference; fileEncoding = 4; lastKnownFileType = sourcecode.c.objc; path = MJRefreshAutoGifFooter.m; sourceTree = "<group>"; };
		CC4CAE0F1CB268B800041D09 /* MJRefreshAutoNormalFooter.h */ = {isa = PBXFileReference; fileEncoding = 4; lastKnownFileType = sourcecode.c.h; path = MJRefreshAutoNormalFooter.h; sourceTree = "<group>"; };
		CC4CAE101CB268B800041D09 /* MJRefreshAutoNormalFooter.m */ = {isa = PBXFileReference; fileEncoding = 4; lastKnownFileType = sourcecode.c.objc; path = MJRefreshAutoNormalFooter.m; sourceTree = "<group>"; };
		CC4CAE111CB268B800041D09 /* MJRefreshAutoStateFooter.h */ = {isa = PBXFileReference; fileEncoding = 4; lastKnownFileType = sourcecode.c.h; path = MJRefreshAutoStateFooter.h; sourceTree = "<group>"; };
		CC4CAE121CB268B800041D09 /* MJRefreshAutoStateFooter.m */ = {isa = PBXFileReference; fileEncoding = 4; lastKnownFileType = sourcecode.c.objc; path = MJRefreshAutoStateFooter.m; sourceTree = "<group>"; };
		CC4CAE141CB268B800041D09 /* MJRefreshBackGifFooter.h */ = {isa = PBXFileReference; fileEncoding = 4; lastKnownFileType = sourcecode.c.h; path = MJRefreshBackGifFooter.h; sourceTree = "<group>"; };
		CC4CAE151CB268B800041D09 /* MJRefreshBackGifFooter.m */ = {isa = PBXFileReference; fileEncoding = 4; lastKnownFileType = sourcecode.c.objc; path = MJRefreshBackGifFooter.m; sourceTree = "<group>"; };
		CC4CAE161CB268B800041D09 /* MJRefreshBackNormalFooter.h */ = {isa = PBXFileReference; fileEncoding = 4; lastKnownFileType = sourcecode.c.h; path = MJRefreshBackNormalFooter.h; sourceTree = "<group>"; };
		CC4CAE171CB268B800041D09 /* MJRefreshBackNormalFooter.m */ = {isa = PBXFileReference; fileEncoding = 4; lastKnownFileType = sourcecode.c.objc; path = MJRefreshBackNormalFooter.m; sourceTree = "<group>"; };
		CC4CAE181CB268B800041D09 /* MJRefreshBackStateFooter.h */ = {isa = PBXFileReference; fileEncoding = 4; lastKnownFileType = sourcecode.c.h; path = MJRefreshBackStateFooter.h; sourceTree = "<group>"; };
		CC4CAE191CB268B800041D09 /* MJRefreshBackStateFooter.m */ = {isa = PBXFileReference; fileEncoding = 4; lastKnownFileType = sourcecode.c.objc; path = MJRefreshBackStateFooter.m; sourceTree = "<group>"; };
		CC4CAE1B1CB268B800041D09 /* MJRefreshGifHeader.h */ = {isa = PBXFileReference; fileEncoding = 4; lastKnownFileType = sourcecode.c.h; path = MJRefreshGifHeader.h; sourceTree = "<group>"; };
		CC4CAE1C1CB268B800041D09 /* MJRefreshGifHeader.m */ = {isa = PBXFileReference; fileEncoding = 4; lastKnownFileType = sourcecode.c.objc; path = MJRefreshGifHeader.m; sourceTree = "<group>"; };
		CC4CAE1D1CB268B800041D09 /* MJRefreshNormalHeader.h */ = {isa = PBXFileReference; fileEncoding = 4; lastKnownFileType = sourcecode.c.h; path = MJRefreshNormalHeader.h; sourceTree = "<group>"; };
		CC4CAE1E1CB268B800041D09 /* MJRefreshNormalHeader.m */ = {isa = PBXFileReference; fileEncoding = 4; lastKnownFileType = sourcecode.c.objc; path = MJRefreshNormalHeader.m; sourceTree = "<group>"; };
		CC4CAE1F1CB268B800041D09 /* MJRefreshStateHeader.h */ = {isa = PBXFileReference; fileEncoding = 4; lastKnownFileType = sourcecode.c.h; path = MJRefreshStateHeader.h; sourceTree = "<group>"; };
		CC4CAE201CB268B800041D09 /* MJRefreshStateHeader.m */ = {isa = PBXFileReference; fileEncoding = 4; lastKnownFileType = sourcecode.c.objc; path = MJRefreshStateHeader.m; sourceTree = "<group>"; };
		CC4CAE211CB268B800041D09 /* MJRefresh.bundle */ = {isa = PBXFileReference; lastKnownFileType = "wrapper.plug-in"; path = MJRefresh.bundle; sourceTree = "<group>"; };
		CC4CAE221CB268B800041D09 /* MJRefresh.h */ = {isa = PBXFileReference; fileEncoding = 4; lastKnownFileType = sourcecode.c.h; path = MJRefresh.h; sourceTree = "<group>"; };
		CC4CAE231CB268B800041D09 /* MJRefreshConst.h */ = {isa = PBXFileReference; fileEncoding = 4; lastKnownFileType = sourcecode.c.h; path = MJRefreshConst.h; sourceTree = "<group>"; };
		CC4CAE241CB268B800041D09 /* MJRefreshConst.m */ = {isa = PBXFileReference; fileEncoding = 4; lastKnownFileType = sourcecode.c.objc; path = MJRefreshConst.m; sourceTree = "<group>"; };
		CC4CAE251CB268B800041D09 /* UIScrollView+MJExtension.h */ = {isa = PBXFileReference; fileEncoding = 4; lastKnownFileType = sourcecode.c.h; path = "UIScrollView+MJExtension.h"; sourceTree = "<group>"; };
		CC4CAE261CB268B800041D09 /* UIScrollView+MJExtension.m */ = {isa = PBXFileReference; fileEncoding = 4; lastKnownFileType = sourcecode.c.objc; path = "UIScrollView+MJExtension.m"; sourceTree = "<group>"; };
		CC4CAE271CB268B800041D09 /* UIScrollView+MJRefresh.h */ = {isa = PBXFileReference; fileEncoding = 4; lastKnownFileType = sourcecode.c.h; path = "UIScrollView+MJRefresh.h"; sourceTree = "<group>"; };
		CC4CAE281CB268B800041D09 /* UIScrollView+MJRefresh.m */ = {isa = PBXFileReference; fileEncoding = 4; lastKnownFileType = sourcecode.c.objc; path = "UIScrollView+MJRefresh.m"; sourceTree = "<group>"; };
		CC4CAE291CB268B800041D09 /* UIView+MJExtension.h */ = {isa = PBXFileReference; fileEncoding = 4; lastKnownFileType = sourcecode.c.h; path = "UIView+MJExtension.h"; sourceTree = "<group>"; };
		CC4CAE2A1CB268B800041D09 /* UIView+MJExtension.m */ = {isa = PBXFileReference; fileEncoding = 4; lastKnownFileType = sourcecode.c.objc; path = "UIView+MJExtension.m"; sourceTree = "<group>"; };
		CC4CAE2B1CB268B800041D09 /* README.md */ = {isa = PBXFileReference; fileEncoding = 4; lastKnownFileType = net.daringfireball.markdown; path = README.md; sourceTree = "<group>"; };
		CC4CAE421CB268BF00041D09 /* LICENSE */ = {isa = PBXFileReference; fileEncoding = 4; lastKnownFileType = text; path = LICENSE; sourceTree = "<group>"; };
		CC4CAE431CB268BF00041D09 /* README.md */ = {isa = PBXFileReference; fileEncoding = 4; lastKnownFileType = net.daringfireball.markdown; path = README.md; sourceTree = "<group>"; };
		CC4CAE451CB268BF00041D09 /* NSData+ImageContentType.h */ = {isa = PBXFileReference; fileEncoding = 4; lastKnownFileType = sourcecode.c.h; path = "NSData+ImageContentType.h"; sourceTree = "<group>"; };
		CC4CAE461CB268BF00041D09 /* NSData+ImageContentType.m */ = {isa = PBXFileReference; fileEncoding = 4; lastKnownFileType = sourcecode.c.objc; path = "NSData+ImageContentType.m"; sourceTree = "<group>"; };
		CC4CAE471CB268BF00041D09 /* SDImageCache.h */ = {isa = PBXFileReference; fileEncoding = 4; lastKnownFileType = sourcecode.c.h; path = SDImageCache.h; sourceTree = "<group>"; };
		CC4CAE481CB268BF00041D09 /* SDImageCache.m */ = {isa = PBXFileReference; fileEncoding = 4; lastKnownFileType = sourcecode.c.objc; path = SDImageCache.m; sourceTree = "<group>"; };
		CC4CAE491CB268BF00041D09 /* SDWebImageCompat.h */ = {isa = PBXFileReference; fileEncoding = 4; lastKnownFileType = sourcecode.c.h; path = SDWebImageCompat.h; sourceTree = "<group>"; };
		CC4CAE4A1CB268BF00041D09 /* SDWebImageCompat.m */ = {isa = PBXFileReference; fileEncoding = 4; lastKnownFileType = sourcecode.c.objc; path = SDWebImageCompat.m; sourceTree = "<group>"; };
		CC4CAE4B1CB268BF00041D09 /* SDWebImageDecoder.h */ = {isa = PBXFileReference; fileEncoding = 4; lastKnownFileType = sourcecode.c.h; path = SDWebImageDecoder.h; sourceTree = "<group>"; };
		CC4CAE4C1CB268BF00041D09 /* SDWebImageDecoder.m */ = {isa = PBXFileReference; fileEncoding = 4; lastKnownFileType = sourcecode.c.objc; path = SDWebImageDecoder.m; sourceTree = "<group>"; };
		CC4CAE4D1CB268BF00041D09 /* SDWebImageDownloader.h */ = {isa = PBXFileReference; fileEncoding = 4; lastKnownFileType = sourcecode.c.h; path = SDWebImageDownloader.h; sourceTree = "<group>"; };
		CC4CAE4E1CB268BF00041D09 /* SDWebImageDownloader.m */ = {isa = PBXFileReference; fileEncoding = 4; lastKnownFileType = sourcecode.c.objc; path = SDWebImageDownloader.m; sourceTree = "<group>"; };
		CC4CAE4F1CB268BF00041D09 /* SDWebImageDownloaderOperation.h */ = {isa = PBXFileReference; fileEncoding = 4; lastKnownFileType = sourcecode.c.h; path = SDWebImageDownloaderOperation.h; sourceTree = "<group>"; };
		CC4CAE501CB268BF00041D09 /* SDWebImageDownloaderOperation.m */ = {isa = PBXFileReference; fileEncoding = 4; lastKnownFileType = sourcecode.c.objc; path = SDWebImageDownloaderOperation.m; sourceTree = "<group>"; };
		CC4CAE511CB268BF00041D09 /* SDWebImageManager.h */ = {isa = PBXFileReference; fileEncoding = 4; lastKnownFileType = sourcecode.c.h; path = SDWebImageManager.h; sourceTree = "<group>"; };
		CC4CAE521CB268BF00041D09 /* SDWebImageManager.m */ = {isa = PBXFileReference; fileEncoding = 4; lastKnownFileType = sourcecode.c.objc; path = SDWebImageManager.m; sourceTree = "<group>"; };
		CC4CAE531CB268BF00041D09 /* SDWebImageOperation.h */ = {isa = PBXFileReference; fileEncoding = 4; lastKnownFileType = sourcecode.c.h; path = SDWebImageOperation.h; sourceTree = "<group>"; };
		CC4CAE541CB268BF00041D09 /* SDWebImagePrefetcher.h */ = {isa = PBXFileReference; fileEncoding = 4; lastKnownFileType = sourcecode.c.h; path = SDWebImagePrefetcher.h; sourceTree = "<group>"; };
		CC4CAE551CB268BF00041D09 /* SDWebImagePrefetcher.m */ = {isa = PBXFileReference; fileEncoding = 4; lastKnownFileType = sourcecode.c.objc; path = SDWebImagePrefetcher.m; sourceTree = "<group>"; };
		CC4CAE561CB268BF00041D09 /* UIButton+WebCache.h */ = {isa = PBXFileReference; fileEncoding = 4; lastKnownFileType = sourcecode.c.h; path = "UIButton+WebCache.h"; sourceTree = "<group>"; };
		CC4CAE571CB268BF00041D09 /* UIButton+WebCache.m */ = {isa = PBXFileReference; fileEncoding = 4; lastKnownFileType = sourcecode.c.objc; path = "UIButton+WebCache.m"; sourceTree = "<group>"; };
		CC4CAE581CB268BF00041D09 /* UIImage+GIF.h */ = {isa = PBXFileReference; fileEncoding = 4; lastKnownFileType = sourcecode.c.h; path = "UIImage+GIF.h"; sourceTree = "<group>"; };
		CC4CAE591CB268BF00041D09 /* UIImage+GIF.m */ = {isa = PBXFileReference; fileEncoding = 4; lastKnownFileType = sourcecode.c.objc; path = "UIImage+GIF.m"; sourceTree = "<group>"; };
		CC4CAE5A1CB268BF00041D09 /* UIImage+MultiFormat.h */ = {isa = PBXFileReference; fileEncoding = 4; lastKnownFileType = sourcecode.c.h; path = "UIImage+MultiFormat.h"; sourceTree = "<group>"; };
		CC4CAE5B1CB268BF00041D09 /* UIImage+MultiFormat.m */ = {isa = PBXFileReference; fileEncoding = 4; lastKnownFileType = sourcecode.c.objc; path = "UIImage+MultiFormat.m"; sourceTree = "<group>"; };
		CC4CAE5C1CB268BF00041D09 /* UIImageView+HighlightedWebCache.h */ = {isa = PBXFileReference; fileEncoding = 4; lastKnownFileType = sourcecode.c.h; path = "UIImageView+HighlightedWebCache.h"; sourceTree = "<group>"; };
		CC4CAE5D1CB268BF00041D09 /* UIImageView+HighlightedWebCache.m */ = {isa = PBXFileReference; fileEncoding = 4; lastKnownFileType = sourcecode.c.objc; path = "UIImageView+HighlightedWebCache.m"; sourceTree = "<group>"; };
		CC4CAE5E1CB268BF00041D09 /* UIImageView+WebCache.h */ = {isa = PBXFileReference; fileEncoding = 4; lastKnownFileType = sourcecode.c.h; path = "UIImageView+WebCache.h"; sourceTree = "<group>"; };
		CC4CAE5F1CB268BF00041D09 /* UIImageView+WebCache.m */ = {isa = PBXFileReference; fileEncoding = 4; lastKnownFileType = sourcecode.c.objc; path = "UIImageView+WebCache.m"; sourceTree = "<group>"; };
		CC4CAE601CB268BF00041D09 /* UIView+WebCacheOperation.h */ = {isa = PBXFileReference; fileEncoding = 4; lastKnownFileType = sourcecode.c.h; path = "UIView+WebCacheOperation.h"; sourceTree = "<group>"; };
		CC4CAE611CB268BF00041D09 /* UIView+WebCacheOperation.m */ = {isa = PBXFileReference; fileEncoding = 4; lastKnownFileType = sourcecode.c.objc; path = "UIView+WebCacheOperation.m"; sourceTree = "<group>"; };
		CC4CAE741CB268C700041D09 /* AFHTTPSessionManager.h */ = {isa = PBXFileReference; fileEncoding = 4; lastKnownFileType = sourcecode.c.h; path = AFHTTPSessionManager.h; sourceTree = "<group>"; };
		CC4CAE751CB268C700041D09 /* AFHTTPSessionManager.m */ = {isa = PBXFileReference; fileEncoding = 4; lastKnownFileType = sourcecode.c.objc; path = AFHTTPSessionManager.m; sourceTree = "<group>"; };
		CC4CAE761CB268C700041D09 /* AFNetworking.h */ = {isa = PBXFileReference; fileEncoding = 4; lastKnownFileType = sourcecode.c.h; path = AFNetworking.h; sourceTree = "<group>"; };
		CC4CAE771CB268C700041D09 /* AFNetworkReachabilityManager.h */ = {isa = PBXFileReference; fileEncoding = 4; lastKnownFileType = sourcecode.c.h; path = AFNetworkReachabilityManager.h; sourceTree = "<group>"; };
		CC4CAE781CB268C700041D09 /* AFNetworkReachabilityManager.m */ = {isa = PBXFileReference; fileEncoding = 4; lastKnownFileType = sourcecode.c.objc; path = AFNetworkReachabilityManager.m; sourceTree = "<group>"; };
		CC4CAE791CB268C700041D09 /* AFSecurityPolicy.h */ = {isa = PBXFileReference; fileEncoding = 4; lastKnownFileType = sourcecode.c.h; path = AFSecurityPolicy.h; sourceTree = "<group>"; };
		CC4CAE7A1CB268C700041D09 /* AFSecurityPolicy.m */ = {isa = PBXFileReference; fileEncoding = 4; lastKnownFileType = sourcecode.c.objc; path = AFSecurityPolicy.m; sourceTree = "<group>"; };
		CC4CAE7B1CB268C700041D09 /* AFURLRequestSerialization.h */ = {isa = PBXFileReference; fileEncoding = 4; lastKnownFileType = sourcecode.c.h; path = AFURLRequestSerialization.h; sourceTree = "<group>"; };
		CC4CAE7C1CB268C700041D09 /* AFURLRequestSerialization.m */ = {isa = PBXFileReference; fileEncoding = 4; lastKnownFileType = sourcecode.c.objc; path = AFURLRequestSerialization.m; sourceTree = "<group>"; };
		CC4CAE7D1CB268C700041D09 /* AFURLResponseSerialization.h */ = {isa = PBXFileReference; fileEncoding = 4; lastKnownFileType = sourcecode.c.h; path = AFURLResponseSerialization.h; sourceTree = "<group>"; };
		CC4CAE7E1CB268C700041D09 /* AFURLResponseSerialization.m */ = {isa = PBXFileReference; fileEncoding = 4; lastKnownFileType = sourcecode.c.objc; path = AFURLResponseSerialization.m; sourceTree = "<group>"; };
		CC4CAE7F1CB268C700041D09 /* AFURLSessionManager.h */ = {isa = PBXFileReference; fileEncoding = 4; lastKnownFileType = sourcecode.c.h; path = AFURLSessionManager.h; sourceTree = "<group>"; };
		CC4CAE801CB268C700041D09 /* AFURLSessionManager.m */ = {isa = PBXFileReference; fileEncoding = 4; lastKnownFileType = sourcecode.c.objc; path = AFURLSessionManager.m; sourceTree = "<group>"; };
		CC4CAE811CB268C700041D09 /* LICENSE */ = {isa = PBXFileReference; fileEncoding = 4; lastKnownFileType = text; path = LICENSE; sourceTree = "<group>"; };
		CC4CAE821CB268C700041D09 /* README.md */ = {isa = PBXFileReference; fileEncoding = 4; lastKnownFileType = net.daringfireball.markdown; path = README.md; sourceTree = "<group>"; };
		CC4CAE841CB268C700041D09 /* AFAutoPurgingImageCache.h */ = {isa = PBXFileReference; fileEncoding = 4; lastKnownFileType = sourcecode.c.h; path = AFAutoPurgingImageCache.h; sourceTree = "<group>"; };
		CC4CAE851CB268C700041D09 /* AFAutoPurgingImageCache.m */ = {isa = PBXFileReference; fileEncoding = 4; lastKnownFileType = sourcecode.c.objc; path = AFAutoPurgingImageCache.m; sourceTree = "<group>"; };
		CC4CAE861CB268C700041D09 /* AFImageDownloader.h */ = {isa = PBXFileReference; fileEncoding = 4; lastKnownFileType = sourcecode.c.h; path = AFImageDownloader.h; sourceTree = "<group>"; };
		CC4CAE871CB268C700041D09 /* AFImageDownloader.m */ = {isa = PBXFileReference; fileEncoding = 4; lastKnownFileType = sourcecode.c.objc; path = AFImageDownloader.m; sourceTree = "<group>"; };
		CC4CAE881CB268C700041D09 /* AFNetworkActivityIndicatorManager.h */ = {isa = PBXFileReference; fileEncoding = 4; lastKnownFileType = sourcecode.c.h; path = AFNetworkActivityIndicatorManager.h; sourceTree = "<group>"; };
		CC4CAE891CB268C700041D09 /* AFNetworkActivityIndicatorManager.m */ = {isa = PBXFileReference; fileEncoding = 4; lastKnownFileType = sourcecode.c.objc; path = AFNetworkActivityIndicatorManager.m; sourceTree = "<group>"; };
		CC4CAE8A1CB268C700041D09 /* UIActivityIndicatorView+AFNetworking.h */ = {isa = PBXFileReference; fileEncoding = 4; lastKnownFileType = sourcecode.c.h; path = "UIActivityIndicatorView+AFNetworking.h"; sourceTree = "<group>"; };
		CC4CAE8B1CB268C700041D09 /* UIActivityIndicatorView+AFNetworking.m */ = {isa = PBXFileReference; fileEncoding = 4; lastKnownFileType = sourcecode.c.objc; path = "UIActivityIndicatorView+AFNetworking.m"; sourceTree = "<group>"; };
		CC4CAE8C1CB268C700041D09 /* UIButton+AFNetworking.h */ = {isa = PBXFileReference; fileEncoding = 4; lastKnownFileType = sourcecode.c.h; path = "UIButton+AFNetworking.h"; sourceTree = "<group>"; };
		CC4CAE8D1CB268C700041D09 /* UIButton+AFNetworking.m */ = {isa = PBXFileReference; fileEncoding = 4; lastKnownFileType = sourcecode.c.objc; path = "UIButton+AFNetworking.m"; sourceTree = "<group>"; };
		CC4CAE8E1CB268C700041D09 /* UIImage+AFNetworking.h */ = {isa = PBXFileReference; fileEncoding = 4; lastKnownFileType = sourcecode.c.h; path = "UIImage+AFNetworking.h"; sourceTree = "<group>"; };
		CC4CAE8F1CB268C700041D09 /* UIImageView+AFNetworking.h */ = {isa = PBXFileReference; fileEncoding = 4; lastKnownFileType = sourcecode.c.h; path = "UIImageView+AFNetworking.h"; sourceTree = "<group>"; };
		CC4CAE901CB268C700041D09 /* UIImageView+AFNetworking.m */ = {isa = PBXFileReference; fileEncoding = 4; lastKnownFileType = sourcecode.c.objc; path = "UIImageView+AFNetworking.m"; sourceTree = "<group>"; };
		CC4CAE911CB268C700041D09 /* UIKit+AFNetworking.h */ = {isa = PBXFileReference; fileEncoding = 4; lastKnownFileType = sourcecode.c.h; path = "UIKit+AFNetworking.h"; sourceTree = "<group>"; };
		CC4CAE921CB268C700041D09 /* UIProgressView+AFNetworking.h */ = {isa = PBXFileReference; fileEncoding = 4; lastKnownFileType = sourcecode.c.h; path = "UIProgressView+AFNetworking.h"; sourceTree = "<group>"; };
		CC4CAE931CB268C700041D09 /* UIProgressView+AFNetworking.m */ = {isa = PBXFileReference; fileEncoding = 4; lastKnownFileType = sourcecode.c.objc; path = "UIProgressView+AFNetworking.m"; sourceTree = "<group>"; };
		CC4CAE941CB268C700041D09 /* UIRefreshControl+AFNetworking.h */ = {isa = PBXFileReference; fileEncoding = 4; lastKnownFileType = sourcecode.c.h; path = "UIRefreshControl+AFNetworking.h"; sourceTree = "<group>"; };
		CC4CAE951CB268C700041D09 /* UIRefreshControl+AFNetworking.m */ = {isa = PBXFileReference; fileEncoding = 4; lastKnownFileType = sourcecode.c.objc; path = "UIRefreshControl+AFNetworking.m"; sourceTree = "<group>"; };
		CC4CAE961CB268C700041D09 /* UIWebView+AFNetworking.h */ = {isa = PBXFileReference; fileEncoding = 4; lastKnownFileType = sourcecode.c.h; path = "UIWebView+AFNetworking.h"; sourceTree = "<group>"; };
		CC4CAE971CB268C700041D09 /* UIWebView+AFNetworking.m */ = {isa = PBXFileReference; fileEncoding = 4; lastKnownFileType = sourcecode.c.objc; path = "UIWebView+AFNetworking.m"; sourceTree = "<group>"; };
		CC4CAEF31CB2D90D00041D09 /* MinePlist.plist */ = {isa = PBXFileReference; fileEncoding = 4; lastKnownFileType = text.plist.xml; path = MinePlist.plist; sourceTree = "<group>"; };
		CC4CAEF41CB2D90D00041D09 /* HelpPlist.plist */ = {isa = PBXFileReference; fileEncoding = 4; lastKnownFileType = text.plist.xml; path = HelpPlist.plist; sourceTree = "<group>"; };
		CC4CAEF51CB2D90D00041D09 /* 首页焦点按钮 */ = {isa = PBXFileReference; fileEncoding = 4; lastKnownFileType = text; path = "首页焦点按钮"; sourceTree = "<group>"; };
		CC4CAEF61CB2D90D00041D09 /* FocusURL.plist */ = {isa = PBXFileReference; fileEncoding = 4; lastKnownFileType = text.plist.xml; path = FocusURL.plist; sourceTree = "<group>"; };
		CC4CAEF71CB2D90D00041D09 /* supermarket */ = {isa = PBXFileReference; fileEncoding = 4; lastKnownFileType = text; path = supermarket; sourceTree = "<group>"; };
		CC4CAEF81CB2D90D00041D09 /* SearchProduct */ = {isa = PBXFileReference; fileEncoding = 4; lastKnownFileType = text; path = SearchProduct; sourceTree = "<group>"; };
		CC4CAEF91CB2D90D00041D09 /* AD */ = {isa = PBXFileReference; fileEncoding = 4; lastKnownFileType = text; path = AD; sourceTree = "<group>"; };
		CC4CAEFA1CB2D90D00041D09 /* 促销 */ = {isa = PBXFileReference; fileEncoding = 4; lastKnownFileType = text; path = "促销"; sourceTree = "<group>"; };
		CC4CAEFB1CB2D90D00041D09 /* Search */ = {isa = PBXFileReference; fileEncoding = 4; lastKnownFileType = text; path = Search; sourceTree = "<group>"; };
		CC4CAEFC1CB2D90D00041D09 /* 首页新鲜热卖 */ = {isa = PBXFileReference; fileEncoding = 4; lastKnownFileType = text; path = "首页新鲜热卖"; sourceTree = "<group>"; };
		CC4CAEFD1CB2D90D00041D09 /* MyCoupon */ = {isa = PBXFileReference; fileEncoding = 4; lastKnownFileType = text; path = MyCoupon; sourceTree = "<group>"; };
		CC4CAEFE1CB2D90D00041D09 /* Mine */ = {isa = PBXFileReference; fileEncoding = 4; lastKnownFileType = text; path = Mine; sourceTree = "<group>"; };
		CC4CAEFF1CB2D90D00041D09 /* 系统消息 */ = {isa = PBXFileReference; fileEncoding = 4; lastKnownFileType = text; path = "系统消息"; sourceTree = "<group>"; };
		CC4CAF001CB2D90D00041D09 /* MyOrders */ = {isa = PBXFileReference; fileEncoding = 4; lastKnownFileType = text; path = MyOrders; sourceTree = "<group>"; };
		CC4CAF011CB2D90D00041D09 /* MyAdress */ = {isa = PBXFileReference; fileEncoding = 4; lastKnownFileType = text; path = MyAdress; sourceTree = "<group>"; };
		CC4CAF021CB2D90D00041D09 /* SystemMessage */ = {isa = PBXFileReference; fileEncoding = 4; lastKnownFileType = text; path = SystemMessage; sourceTree = "<group>"; };
		CC4CAF031CB2D90D00041D09 /* UserMessage */ = {isa = PBXFileReference; fileEncoding = 4; lastKnownFileType = text; path = UserMessage; sourceTree = "<group>"; };
		CC4CAF181CB2DAAE00041D09 /* MGAdvertViewController.h */ = {isa = PBXFileReference; fileEncoding = 4; lastKnownFileType = sourcecode.c.h; path = MGAdvertViewController.h; sourceTree = "<group>"; };
		CC4CAF191CB2DAAE00041D09 /* MGAdvertViewController.m */ = {isa = PBXFileReference; fileEncoding = 4; lastKnownFileType = sourcecode.c.objc; path = MGAdvertViewController.m; sourceTree = "<group>"; };
		CC4CAF1E1CB2DF1000041D09 /* MGHomeViewController.h */ = {isa = PBXFileReference; fileEncoding = 4; lastKnownFileType = sourcecode.c.h; path = MGHomeViewController.h; sourceTree = "<group>"; };
		CC4CAF1F1CB2DF1000041D09 /* MGHomeViewController.m */ = {isa = PBXFileReference; fileEncoding = 4; lastKnownFileType = sourcecode.c.objc; path = MGHomeViewController.m; sourceTree = "<group>"; };
		CC4CAF211CB2DF3000041D09 /* MGMarketViewController.h */ = {isa = PBXFileReference; fileEncoding = 4; lastKnownFileType = sourcecode.c.h; path = MGMarketViewController.h; sourceTree = "<group>"; };
		CC4CAF221CB2DF3000041D09 /* MGMarketViewController.m */ = {isa = PBXFileReference; fileEncoding = 4; lastKnownFileType = sourcecode.c.objc; path = MGMarketViewController.m; sourceTree = "<group>"; };
		CC4CAF241CB2DF3D00041D09 /* MGMineViewController.h */ = {isa = PBXFileReference; fileEncoding = 4; lastKnownFileType = sourcecode.c.h; path = MGMineViewController.h; sourceTree = "<group>"; };
		CC4CAF251CB2DF3D00041D09 /* MGMineViewController.m */ = {isa = PBXFileReference; fileEncoding = 4; lastKnownFileType = sourcecode.c.objc; path = MGMineViewController.m; sourceTree = "<group>"; };
		CC4CAF271CB2DF4E00041D09 /* MGCartViewController.h */ = {isa = PBXFileReference; fileEncoding = 4; lastKnownFileType = sourcecode.c.h; path = MGCartViewController.h; sourceTree = "<group>"; };
		CC4CAF281CB2DF4E00041D09 /* MGCartViewController.m */ = {isa = PBXFileReference; fileEncoding = 4; lastKnownFileType = sourcecode.c.objc; path = MGCartViewController.m; sourceTree = "<group>"; };
		CC4CAF2A1CB2DF7700041D09 /* UIColor+MG.h */ = {isa = PBXFileReference; fileEncoding = 4; lastKnownFileType = sourcecode.c.h; path = "UIColor+MG.h"; sourceTree = "<group>"; };
		CC4CAF2B1CB2DF7700041D09 /* UIColor+MG.m */ = {isa = PBXFileReference; fileEncoding = 4; lastKnownFileType = sourcecode.c.objc; path = "UIColor+MG.m"; sourceTree = "<group>"; };
		CC4CAF2D1CB2E2BD00041D09 /* MGNavigationController.h */ = {isa = PBXFileReference; fileEncoding = 4; lastKnownFileType = sourcecode.c.h; path = MGNavigationController.h; sourceTree = "<group>"; };
		CC4CAF2E1CB2E2BD00041D09 /* MGNavigationController.m */ = {isa = PBXFileReference; fileEncoding = 4; lastKnownFileType = sourcecode.c.objc; path = MGNavigationController.m; sourceTree = "<group>"; };
/* End PBXFileReference section */

/* Begin PBXFrameworksBuildPhase section */
		CC4CADA01CB230FF00041D09 /* Frameworks */ = {
			isa = PBXFrameworksBuildPhase;
			buildActionMask = 2147483647;
			files = (
			);
			runOnlyForDeploymentPostprocessing = 0;
		};
		CC4CADB91CB230FF00041D09 /* Frameworks */ = {
			isa = PBXFrameworksBuildPhase;
			buildActionMask = 2147483647;
			files = (
			);
			runOnlyForDeploymentPostprocessing = 0;
		};
/* End PBXFrameworksBuildPhase section */

/* Begin PBXGroup section */
		CC4CAD9A1CB230FF00041D09 = {
			isa = PBXGroup;
			children = (
				CC4CADA51CB230FF00041D09 /* MGLoveFreshBeen */,
				CC4CADBF1CB230FF00041D09 /* MGLoveFreshBeenTests */,
				CC4CADA41CB230FF00041D09 /* Products */,
			);
			sourceTree = "<group>";
		};
		CC4CADA41CB230FF00041D09 /* Products */ = {
			isa = PBXGroup;
			children = (
				CC4CADA31CB230FF00041D09 /* MGLoveFreshBeen.app */,
				CC4CADBC1CB230FF00041D09 /* MGLoveFreshBeenTests.xctest */,
			);
			name = Products;
			sourceTree = "<group>";
		};
		CC4CADA51CB230FF00041D09 /* MGLoveFreshBeen */ = {
			isa = PBXGroup;
			children = (
				CC4CADCB1CB2312400041D09 /* Classes */,
				CC4CADA61CB230FF00041D09 /* Supporting Files */,
			);
			path = MGLoveFreshBeen;
			sourceTree = "<group>";
		};
		CC4CADA61CB230FF00041D09 /* Supporting Files */ = {
			isa = PBXGroup;
			children = (
				CC4CADDC1CB2332800041D09 /* Resource */,
				CC4CADB21CB230FF00041D09 /* Assets.xcassets */,
				CC4CADB71CB230FF00041D09 /* Info.plist */,
				CC4CADB41CB230FF00041D09 /* LaunchScreen.storyboard */,
				CC4CADAF1CB230FF00041D09 /* Main.storyboard */,
				CC4CADA71CB230FF00041D09 /* main.m */,
			);
			path = "Supporting Files";
			sourceTree = "<group>";
		};
		CC4CADBF1CB230FF00041D09 /* MGLoveFreshBeenTests */ = {
			isa = PBXGroup;
			children = (
				CC4CADC21CB230FF00041D09 /* Info.plist */,
				CC4CADC01CB230FF00041D09 /* MGLoveFreshBeenTests.m */,
			);
			path = MGLoveFreshBeenTests;
			sourceTree = "<group>";
		};
		CC4CADCB1CB2312400041D09 /* Classes */ = {
			isa = PBXGroup;
			children = (
				CC4CADE21CB2342D00041D09 /* Cart-购物车 */,
				CC4CADCC1CB2312C00041D09 /* Home-首页 */,
				CC4CADDA1CB232E100041D09 /* Market-超市 */,
				CC4CADD61CB232BC00041D09 /* Mine-我的 */,
				CC4CADD21CB2325900041D09 /* Other-其他 */,
			);
			path = Classes;
			sourceTree = "<group>";
		};
		CC4CADCC1CB2312C00041D09 /* Home-首页 */ = {
			isa = PBXGroup;
			children = (
				CC4CADCD1CB2313B00041D09 /* Controller */,
				CC4CADD31CB2328500041D09 /* Model */,
				CC4CADD11CB2325300041D09 /* View */,
			);
			path = "Home-首页";
			sourceTree = "<group>";
		};
		CC4CADCD1CB2313B00041D09 /* Controller */ = {
			isa = PBXGroup;
			children = (
				CC4CAF1E1CB2DF1000041D09 /* MGHomeViewController.h */,
				CC4CAF1F1CB2DF1000041D09 /* MGHomeViewController.m */,
			);
			path = Controller;
			sourceTree = "<group>";
		};
		CC4CADD11CB2325300041D09 /* View */ = {
			isa = PBXGroup;
			children = (
			);
			path = View;
			sourceTree = "<group>";
		};
		CC4CADD21CB2325900041D09 /* Other-其他 */ = {
			isa = PBXGroup;
			children = (
				CC4CADDD1CB2335D00041D09 /* Advert */,
				CC4CADD41CB232AC00041D09 /* Category */,
				CC4CADD51CB232B400041D09 /* Controller */,
				CC4CADDE1CB233D600041D09 /* Tool */,
				CC4CADDB1CB232EA00041D09 /* Vendor */,
				CC4CADA91CB230FF00041D09 /* AppDelegate.h */,
				CC4CADAA1CB230FF00041D09 /* AppDelegate.m */,
				CC4CADF61CB2371600041D09 /* MGConst.h */,
				CC4CADF71CB2371600041D09 /* MGConst.m */,
				CC4CADD01CB2321A00041D09 /* PrefixHeader.pch */,
			);
			path = "Other-其他";
			sourceTree = "<group>";
		};
		CC4CADD31CB2328500041D09 /* Model */ = {
			isa = PBXGroup;
			children = (
			);
			path = Model;
			sourceTree = "<group>";
		};
		CC4CADD41CB232AC00041D09 /* Category */ = {
			isa = PBXGroup;
			children = (
				CC4CAF2A1CB2DF7700041D09 /* UIColor+MG.h */,
				CC4CAF2B1CB2DF7700041D09 /* UIColor+MG.m */,
			);
			path = Category;
			sourceTree = "<group>";
		};
		CC4CADD51CB232B400041D09 /* Controller */ = {
			isa = PBXGroup;
			children = (
				CC4CAF2D1CB2E2BD00041D09 /* MGNavigationController.h */,
				CC4CAF2E1CB2E2BD00041D09 /* MGNavigationController.m */,
				CC4CADF91CB2683200041D09 /* MGTabBarController.h */,
				CC4CADFA1CB2683200041D09 /* MGTabBarController.m */,
			);
			path = Controller;
			sourceTree = "<group>";
		};
		CC4CADD61CB232BC00041D09 /* Mine-我的 */ = {
			isa = PBXGroup;
			children = (
				CC4CADD71CB232CC00041D09 /* Controller */,
				CC4CADD91CB232DA00041D09 /* Model */,
				CC4CADD81CB232D300041D09 /* View */,
			);
			path = "Mine-我的";
			sourceTree = "<group>";
		};
		CC4CADD71CB232CC00041D09 /* Controller */ = {
			isa = PBXGroup;
			children = (
				CC4CAF241CB2DF3D00041D09 /* MGMineViewController.h */,
				CC4CAF251CB2DF3D00041D09 /* MGMineViewController.m */,
			);
			path = Controller;
			sourceTree = "<group>";
		};
		CC4CADD81CB232D300041D09 /* View */ = {
			isa = PBXGroup;
			children = (
			);
			path = View;
			sourceTree = "<group>";
		};
		CC4CADD91CB232DA00041D09 /* Model */ = {
			isa = PBXGroup;
			children = (
			);
			path = Model;
			sourceTree = "<group>";
		};
		CC4CADDA1CB232E100041D09 /* Market-超市 */ = {
			isa = PBXGroup;
			children = (
				CC4CADDF1CB2341200041D09 /* Controller */,
				CC4CADE01CB2341A00041D09 /* Model */,
				CC4CADE11CB2342000041D09 /* View */,
			);
			path = "Market-超市";
			sourceTree = "<group>";
		};
		CC4CADDB1CB232EA00041D09 /* Vendor */ = {
			isa = PBXGroup;
			children = (
				CC4CAE721CB268C700041D09 /* AFNetworking */,
				CC4CADFC1CB268B800041D09 /* MJRefresh */,
				CC4CAE411CB268BF00041D09 /* SDWebImage */,
				CC4CADE61CB2369E00041D09 /* SVProgressHUD */,
			);
			path = Vendor;
			sourceTree = "<group>";
		};
		CC4CADDC1CB2332800041D09 /* Resource */ = {
			isa = PBXGroup;
			children = (
				CC4CAEF91CB2D90D00041D09 /* AD */,
				CC4CAEF61CB2D90D00041D09 /* FocusURL.plist */,
				CC4CAEF41CB2D90D00041D09 /* HelpPlist.plist */,
				CC4CAEFE1CB2D90D00041D09 /* Mine */,
				CC4CAEF31CB2D90D00041D09 /* MinePlist.plist */,
				CC4CAF011CB2D90D00041D09 /* MyAdress */,
				CC4CAEFD1CB2D90D00041D09 /* MyCoupon */,
				CC4CAF001CB2D90D00041D09 /* MyOrders */,
				CC4CAEFB1CB2D90D00041D09 /* Search */,
				CC4CAEF81CB2D90D00041D09 /* SearchProduct */,
				CC4CAF021CB2D90D00041D09 /* SystemMessage */,
				CC4CAF031CB2D90D00041D09 /* UserMessage */,
				CC4CAEF71CB2D90D00041D09 /* supermarket */,
				CC4CAEFA1CB2D90D00041D09 /* 促销 */,
				CC4CAEFF1CB2D90D00041D09 /* 系统消息 */,
				CC4CAEFC1CB2D90D00041D09 /* 首页新鲜热卖 */,
				CC4CAEF51CB2D90D00041D09 /* 首页焦点按钮 */,
			);
			path = Resource;
			sourceTree = "<group>";
		};
		CC4CADDD1CB2335D00041D09 /* Advert */ = {
			isa = PBXGroup;
			children = (
				CC4CAF181CB2DAAE00041D09 /* MGAdvertViewController.h */,
				CC4CAF191CB2DAAE00041D09 /* MGAdvertViewController.m */,
			);
			path = Advert;
			sourceTree = "<group>";
		};
		CC4CADDE1CB233D600041D09 /* Tool */ = {
			isa = PBXGroup;
			children = (
			);
			path = Tool;
			sourceTree = "<group>";
		};
		CC4CADDF1CB2341200041D09 /* Controller */ = {
			isa = PBXGroup;
			children = (
				CC4CAF211CB2DF3000041D09 /* MGMarketViewController.h */,
				CC4CAF221CB2DF3000041D09 /* MGMarketViewController.m */,
			);
			path = Controller;
			sourceTree = "<group>";
		};
		CC4CADE01CB2341A00041D09 /* Model */ = {
			isa = PBXGroup;
			children = (
			);
			path = Model;
			sourceTree = "<group>";
		};
		CC4CADE11CB2342000041D09 /* View */ = {
			isa = PBXGroup;
			children = (
			);
			path = View;
			sourceTree = "<group>";
		};
		CC4CADE21CB2342D00041D09 /* Cart-购物车 */ = {
			isa = PBXGroup;
			children = (
				CC4CADE51CB2345500041D09 /* Controller */,
				CC4CADE41CB2345000041D09 /* Model */,
				CC4CADE31CB2344900041D09 /* View */,
			);
			path = "Cart-购物车";
			sourceTree = "<group>";
		};
		CC4CADE31CB2344900041D09 /* View */ = {
			isa = PBXGroup;
			children = (
			);
			path = View;
			sourceTree = "<group>";
		};
		CC4CADE41CB2345000041D09 /* Model */ = {
			isa = PBXGroup;
			children = (
			);
			path = Model;
			sourceTree = "<group>";
		};
		CC4CADE51CB2345500041D09 /* Controller */ = {
			isa = PBXGroup;
			children = (
				CC4CAF271CB2DF4E00041D09 /* MGCartViewController.h */,
				CC4CAF281CB2DF4E00041D09 /* MGCartViewController.m */,
			);
			path = Controller;
			sourceTree = "<group>";
		};
		CC4CADE61CB2369E00041D09 /* SVProgressHUD */ = {
			isa = PBXGroup;
			children = (
				CC4CADE91CB2369E00041D09 /* SVProgressHUD */,
				CC4CADE71CB2369E00041D09 /* LICENSE.txt */,
				CC4CADE81CB2369E00041D09 /* README.md */,
			);
			path = SVProgressHUD;
			sourceTree = "<group>";
		};
		CC4CADE91CB2369E00041D09 /* SVProgressHUD */ = {
			isa = PBXGroup;
			children = (
				CC4CADEA1CB2369E00041D09 /* SVIndefiniteAnimatedView.h */,
				CC4CADEB1CB2369E00041D09 /* SVIndefiniteAnimatedView.m */,
				CC4CADEC1CB2369E00041D09 /* SVProgressHUD.bundle */,
				CC4CADED1CB2369E00041D09 /* SVProgressHUD.h */,
				CC4CADEE1CB2369E00041D09 /* SVProgressHUD.m */,
			);
			path = SVProgressHUD;
			sourceTree = "<group>";
		};
		CC4CADFC1CB268B800041D09 /* MJRefresh */ = {
			isa = PBXGroup;
			children = (
				CC4CADFE1CB268B800041D09 /* MJRefresh */,
				CC4CADFD1CB268B800041D09 /* LICENSE */,
				CC4CAE2B1CB268B800041D09 /* README.md */,
			);
			path = MJRefresh;
			sourceTree = "<group>";
		};
		CC4CADFE1CB268B800041D09 /* MJRefresh */ = {
			isa = PBXGroup;
			children = (
				CC4CADFF1CB268B800041D09 /* Base */,
				CC4CAE0A1CB268B800041D09 /* Custom */,
				CC4CAE211CB268B800041D09 /* MJRefresh.bundle */,
				CC4CAE221CB268B800041D09 /* MJRefresh.h */,
				CC4CAE231CB268B800041D09 /* MJRefreshConst.h */,
				CC4CAE241CB268B800041D09 /* MJRefreshConst.m */,
				CC4CAE251CB268B800041D09 /* UIScrollView+MJExtension.h */,
				CC4CAE261CB268B800041D09 /* UIScrollView+MJExtension.m */,
				CC4CAE271CB268B800041D09 /* UIScrollView+MJRefresh.h */,
				CC4CAE281CB268B800041D09 /* UIScrollView+MJRefresh.m */,
				CC4CAE291CB268B800041D09 /* UIView+MJExtension.h */,
				CC4CAE2A1CB268B800041D09 /* UIView+MJExtension.m */,
			);
			path = MJRefresh;
			sourceTree = "<group>";
		};
		CC4CADFF1CB268B800041D09 /* Base */ = {
			isa = PBXGroup;
			children = (
				CC4CAE001CB268B800041D09 /* MJRefreshAutoFooter.h */,
				CC4CAE011CB268B800041D09 /* MJRefreshAutoFooter.m */,
				CC4CAE021CB268B800041D09 /* MJRefreshBackFooter.h */,
				CC4CAE031CB268B800041D09 /* MJRefreshBackFooter.m */,
				CC4CAE041CB268B800041D09 /* MJRefreshComponent.h */,
				CC4CAE051CB268B800041D09 /* MJRefreshComponent.m */,
				CC4CAE061CB268B800041D09 /* MJRefreshFooter.h */,
				CC4CAE071CB268B800041D09 /* MJRefreshFooter.m */,
				CC4CAE081CB268B800041D09 /* MJRefreshHeader.h */,
				CC4CAE091CB268B800041D09 /* MJRefreshHeader.m */,
			);
			path = Base;
			sourceTree = "<group>";
		};
		CC4CAE0A1CB268B800041D09 /* Custom */ = {
			isa = PBXGroup;
			children = (
				CC4CAE0B1CB268B800041D09 /* Footer */,
				CC4CAE1A1CB268B800041D09 /* Header */,
			);
			path = Custom;
			sourceTree = "<group>";
		};
		CC4CAE0B1CB268B800041D09 /* Footer */ = {
			isa = PBXGroup;
			children = (
				CC4CAE0C1CB268B800041D09 /* Auto */,
				CC4CAE131CB268B800041D09 /* Back */,
			);
			path = Footer;
			sourceTree = "<group>";
		};
		CC4CAE0C1CB268B800041D09 /* Auto */ = {
			isa = PBXGroup;
			children = (
				CC4CAE0D1CB268B800041D09 /* MJRefreshAutoGifFooter.h */,
				CC4CAE0E1CB268B800041D09 /* MJRefreshAutoGifFooter.m */,
				CC4CAE0F1CB268B800041D09 /* MJRefreshAutoNormalFooter.h */,
				CC4CAE101CB268B800041D09 /* MJRefreshAutoNormalFooter.m */,
				CC4CAE111CB268B800041D09 /* MJRefreshAutoStateFooter.h */,
				CC4CAE121CB268B800041D09 /* MJRefreshAutoStateFooter.m */,
			);
			path = Auto;
			sourceTree = "<group>";
		};
		CC4CAE131CB268B800041D09 /* Back */ = {
			isa = PBXGroup;
			children = (
				CC4CAE141CB268B800041D09 /* MJRefreshBackGifFooter.h */,
				CC4CAE151CB268B800041D09 /* MJRefreshBackGifFooter.m */,
				CC4CAE161CB268B800041D09 /* MJRefreshBackNormalFooter.h */,
				CC4CAE171CB268B800041D09 /* MJRefreshBackNormalFooter.m */,
				CC4CAE181CB268B800041D09 /* MJRefreshBackStateFooter.h */,
				CC4CAE191CB268B800041D09 /* MJRefreshBackStateFooter.m */,
			);
			path = Back;
			sourceTree = "<group>";
		};
		CC4CAE1A1CB268B800041D09 /* Header */ = {
			isa = PBXGroup;
			children = (
				CC4CAE1B1CB268B800041D09 /* MJRefreshGifHeader.h */,
				CC4CAE1C1CB268B800041D09 /* MJRefreshGifHeader.m */,
				CC4CAE1D1CB268B800041D09 /* MJRefreshNormalHeader.h */,
				CC4CAE1E1CB268B800041D09 /* MJRefreshNormalHeader.m */,
				CC4CAE1F1CB268B800041D09 /* MJRefreshStateHeader.h */,
				CC4CAE201CB268B800041D09 /* MJRefreshStateHeader.m */,
			);
			path = Header;
			sourceTree = "<group>";
		};
		CC4CAE411CB268BF00041D09 /* SDWebImage */ = {
			isa = PBXGroup;
			children = (
				CC4CAE441CB268BF00041D09 /* SDWebImage */,
				CC4CAE421CB268BF00041D09 /* LICENSE */,
				CC4CAE431CB268BF00041D09 /* README.md */,
			);
			path = SDWebImage;
			sourceTree = "<group>";
		};
		CC4CAE441CB268BF00041D09 /* SDWebImage */ = {
			isa = PBXGroup;
			children = (
				CC4CAE451CB268BF00041D09 /* NSData+ImageContentType.h */,
				CC4CAE461CB268BF00041D09 /* NSData+ImageContentType.m */,
				CC4CAE471CB268BF00041D09 /* SDImageCache.h */,
				CC4CAE481CB268BF00041D09 /* SDImageCache.m */,
				CC4CAE491CB268BF00041D09 /* SDWebImageCompat.h */,
				CC4CAE4A1CB268BF00041D09 /* SDWebImageCompat.m */,
				CC4CAE4B1CB268BF00041D09 /* SDWebImageDecoder.h */,
				CC4CAE4C1CB268BF00041D09 /* SDWebImageDecoder.m */,
				CC4CAE4D1CB268BF00041D09 /* SDWebImageDownloader.h */,
				CC4CAE4E1CB268BF00041D09 /* SDWebImageDownloader.m */,
				CC4CAE4F1CB268BF00041D09 /* SDWebImageDownloaderOperation.h */,
				CC4CAE501CB268BF00041D09 /* SDWebImageDownloaderOperation.m */,
				CC4CAE511CB268BF00041D09 /* SDWebImageManager.h */,
				CC4CAE521CB268BF00041D09 /* SDWebImageManager.m */,
				CC4CAE531CB268BF00041D09 /* SDWebImageOperation.h */,
				CC4CAE541CB268BF00041D09 /* SDWebImagePrefetcher.h */,
				CC4CAE551CB268BF00041D09 /* SDWebImagePrefetcher.m */,
				CC4CAE561CB268BF00041D09 /* UIButton+WebCache.h */,
				CC4CAE571CB268BF00041D09 /* UIButton+WebCache.m */,
				CC4CAE581CB268BF00041D09 /* UIImage+GIF.h */,
				CC4CAE591CB268BF00041D09 /* UIImage+GIF.m */,
				CC4CAE5A1CB268BF00041D09 /* UIImage+MultiFormat.h */,
				CC4CAE5B1CB268BF00041D09 /* UIImage+MultiFormat.m */,
				CC4CAE5C1CB268BF00041D09 /* UIImageView+HighlightedWebCache.h */,
				CC4CAE5D1CB268BF00041D09 /* UIImageView+HighlightedWebCache.m */,
				CC4CAE5E1CB268BF00041D09 /* UIImageView+WebCache.h */,
				CC4CAE5F1CB268BF00041D09 /* UIImageView+WebCache.m */,
				CC4CAE601CB268BF00041D09 /* UIView+WebCacheOperation.h */,
				CC4CAE611CB268BF00041D09 /* UIView+WebCacheOperation.m */,
			);
			path = SDWebImage;
			sourceTree = "<group>";
		};
		CC4CAE721CB268C700041D09 /* AFNetworking */ = {
			isa = PBXGroup;
			children = (
				CC4CAE731CB268C700041D09 /* AFNetworking */,
				CC4CAE831CB268C700041D09 /* UIKit+AFNetworking */,
				CC4CAE811CB268C700041D09 /* LICENSE */,
				CC4CAE821CB268C700041D09 /* README.md */,
			);
			path = AFNetworking;
			sourceTree = "<group>";
		};
		CC4CAE731CB268C700041D09 /* AFNetworking */ = {
			isa = PBXGroup;
			children = (
				CC4CAE741CB268C700041D09 /* AFHTTPSessionManager.h */,
				CC4CAE751CB268C700041D09 /* AFHTTPSessionManager.m */,
				CC4CAE771CB268C700041D09 /* AFNetworkReachabilityManager.h */,
				CC4CAE781CB268C700041D09 /* AFNetworkReachabilityManager.m */,
				CC4CAE761CB268C700041D09 /* AFNetworking.h */,
				CC4CAE791CB268C700041D09 /* AFSecurityPolicy.h */,
				CC4CAE7A1CB268C700041D09 /* AFSecurityPolicy.m */,
				CC4CAE7B1CB268C700041D09 /* AFURLRequestSerialization.h */,
				CC4CAE7C1CB268C700041D09 /* AFURLRequestSerialization.m */,
				CC4CAE7D1CB268C700041D09 /* AFURLResponseSerialization.h */,
				CC4CAE7E1CB268C700041D09 /* AFURLResponseSerialization.m */,
				CC4CAE7F1CB268C700041D09 /* AFURLSessionManager.h */,
				CC4CAE801CB268C700041D09 /* AFURLSessionManager.m */,
			);
			path = AFNetworking;
			sourceTree = "<group>";
		};
		CC4CAE831CB268C700041D09 /* UIKit+AFNetworking */ = {
			isa = PBXGroup;
			children = (
				CC4CAE841CB268C700041D09 /* AFAutoPurgingImageCache.h */,
				CC4CAE851CB268C700041D09 /* AFAutoPurgingImageCache.m */,
				CC4CAE861CB268C700041D09 /* AFImageDownloader.h */,
				CC4CAE871CB268C700041D09 /* AFImageDownloader.m */,
				CC4CAE881CB268C700041D09 /* AFNetworkActivityIndicatorManager.h */,
				CC4CAE891CB268C700041D09 /* AFNetworkActivityIndicatorManager.m */,
				CC4CAE8A1CB268C700041D09 /* UIActivityIndicatorView+AFNetworking.h */,
				CC4CAE8B1CB268C700041D09 /* UIActivityIndicatorView+AFNetworking.m */,
				CC4CAE8C1CB268C700041D09 /* UIButton+AFNetworking.h */,
				CC4CAE8D1CB268C700041D09 /* UIButton+AFNetworking.m */,
				CC4CAE8E1CB268C700041D09 /* UIImage+AFNetworking.h */,
				CC4CAE8F1CB268C700041D09 /* UIImageView+AFNetworking.h */,
				CC4CAE901CB268C700041D09 /* UIImageView+AFNetworking.m */,
				CC4CAE911CB268C700041D09 /* UIKit+AFNetworking.h */,
				CC4CAE921CB268C700041D09 /* UIProgressView+AFNetworking.h */,
				CC4CAE931CB268C700041D09 /* UIProgressView+AFNetworking.m */,
				CC4CAE941CB268C700041D09 /* UIRefreshControl+AFNetworking.h */,
				CC4CAE951CB268C700041D09 /* UIRefreshControl+AFNetworking.m */,
				CC4CAE961CB268C700041D09 /* UIWebView+AFNetworking.h */,
				CC4CAE971CB268C700041D09 /* UIWebView+AFNetworking.m */,
			);
			path = "UIKit+AFNetworking";
			sourceTree = "<group>";
		};
/* End PBXGroup section */

/* Begin PBXNativeTarget section */
		CC4CADA21CB230FF00041D09 /* MGLoveFreshBeen */ = {
			isa = PBXNativeTarget;
			buildConfigurationList = CC4CADC51CB230FF00041D09 /* Build configuration list for PBXNativeTarget "MGLoveFreshBeen" */;
			buildPhases = (
				CC4CAD9F1CB230FF00041D09 /* Sources */,
				CC4CADA01CB230FF00041D09 /* Frameworks */,
				CC4CADA11CB230FF00041D09 /* Resources */,
			);
			buildRules = (
			);
			dependencies = (
			);
			name = MGLoveFreshBeen;
			productName = MGLoveFreshBeen;
			productReference = CC4CADA31CB230FF00041D09 /* MGLoveFreshBeen.app */;
			productType = "com.apple.product-type.application";
		};
		CC4CADBB1CB230FF00041D09 /* MGLoveFreshBeenTests */ = {
			isa = PBXNativeTarget;
			buildConfigurationList = CC4CADC81CB230FF00041D09 /* Build configuration list for PBXNativeTarget "MGLoveFreshBeenTests" */;
			buildPhases = (
				CC4CADB81CB230FF00041D09 /* Sources */,
				CC4CADB91CB230FF00041D09 /* Frameworks */,
				CC4CADBA1CB230FF00041D09 /* Resources */,
			);
			buildRules = (
			);
			dependencies = (
				CC4CADBE1CB230FF00041D09 /* PBXTargetDependency */,
			);
			name = MGLoveFreshBeenTests;
			productName = MGLoveFreshBeenTests;
			productReference = CC4CADBC1CB230FF00041D09 /* MGLoveFreshBeenTests.xctest */;
			productType = "com.apple.product-type.bundle.unit-test";
		};
/* End PBXNativeTarget section */

/* Begin PBXProject section */
		CC4CAD9B1CB230FF00041D09 /* Project object */ = {
			isa = PBXProject;
			attributes = {
				CLASSPREFIX = MG;
				LastUpgradeCheck = 0720;
				ORGANIZATIONNAME = "穆良";
				TargetAttributes = {
					CC4CADA21CB230FF00041D09 = {
						CreatedOnToolsVersion = 7.2;
					};
					CC4CADBB1CB230FF00041D09 = {
						CreatedOnToolsVersion = 7.2;
						TestTargetID = CC4CADA21CB230FF00041D09;
					};
				};
			};
			buildConfigurationList = CC4CAD9E1CB230FF00041D09 /* Build configuration list for PBXProject "MGLoveFreshBeen" */;
			compatibilityVersion = "Xcode 3.2";
			developmentRegion = English;
			hasScannedForEncodings = 0;
			knownRegions = (
				en,
				Base,
				"zh-Hans",
			);
			mainGroup = CC4CAD9A1CB230FF00041D09;
			productRefGroup = CC4CADA41CB230FF00041D09 /* Products */;
			projectDirPath = "";
			projectRoot = "";
			targets = (
				CC4CADA21CB230FF00041D09 /* MGLoveFreshBeen */,
				CC4CADBB1CB230FF00041D09 /* MGLoveFreshBeenTests */,
			);
		};
/* End PBXProject section */

/* Begin PBXResourcesBuildPhase section */
		CC4CADA11CB230FF00041D09 /* Resources */ = {
			isa = PBXResourcesBuildPhase;
			buildActionMask = 2147483647;
			files = (
				CC4CAF121CB2D90D00041D09 /* MyAdress in Resources */,
				CC4CAF0B1CB2D90D00041D09 /* 促销 in Resources */,
				CC4CAF0E1CB2D90D00041D09 /* MyCoupon in Resources */,
				CC4CAF111CB2D90D00041D09 /* MyOrders in Resources */,
				CC4CADF21CB2369E00041D09 /* SVProgressHUD.bundle in Resources */,
				CC4CAF131CB2D90D00041D09 /* SystemMessage in Resources */,
				CC4CAF081CB2D90D00041D09 /* supermarket in Resources */,
				CC4CAF0A1CB2D90D00041D09 /* AD in Resources */,
				CC4CADEF1CB2369E00041D09 /* LICENSE.txt in Resources */,
				CC4CAE2C1CB268B800041D09 /* LICENSE in Resources */,
				CC4CAE9E1CB268C700041D09 /* LICENSE in Resources */,
				CC4CAF0D1CB2D90D00041D09 /* 首页新鲜热卖 in Resources */,
				CC4CAF141CB2D90D00041D09 /* UserMessage in Resources */,
				CC4CADB61CB230FF00041D09 /* LaunchScreen.storyboard in Resources */,
				CC4CAF0F1CB2D90D00041D09 /* Mine in Resources */,
				CC4CAF041CB2D90D00041D09 /* MinePlist.plist in Resources */,
				CC4CAF101CB2D90D00041D09 /* 系统消息 in Resources */,
				CC4CAF071CB2D90D00041D09 /* FocusURL.plist in Resources */,
				CC4CADB31CB230FF00041D09 /* Assets.xcassets in Resources */,
				CC4CAF061CB2D90D00041D09 /* 首页焦点按钮 in Resources */,
				CC4CAF0C1CB2D90D00041D09 /* Search in Resources */,
				CC4CAF051CB2D90D00041D09 /* HelpPlist.plist in Resources */,
				CC4CAF091CB2D90D00041D09 /* SearchProduct in Resources */,
				CC4CAE621CB268BF00041D09 /* LICENSE in Resources */,
				CC4CAE3B1CB268B800041D09 /* MJRefresh.bundle in Resources */,
				CC4CADB11CB230FF00041D09 /* Main.storyboard in Resources */,
			);
			runOnlyForDeploymentPostprocessing = 0;
		};
		CC4CADBA1CB230FF00041D09 /* Resources */ = {
			isa = PBXResourcesBuildPhase;
			buildActionMask = 2147483647;
			files = (
			);
			runOnlyForDeploymentPostprocessing = 0;
		};
/* End PBXResourcesBuildPhase section */

/* Begin PBXSourcesBuildPhase section */
		CC4CAD9F1CB230FF00041D09 /* Sources */ = {
			isa = PBXSourcesBuildPhase;
			buildActionMask = 2147483647;
			files = (
				CC4CAE691CB268BF00041D09 /* SDWebImageDownloaderOperation.m in Sources */,
				CC4CAE711CB268BF00041D09 /* UIView+WebCacheOperation.m in Sources */,
				CC4CAE6B1CB268BF00041D09 /* SDWebImagePrefetcher.m in Sources */,
				CC4CAE701CB268BF00041D09 /* UIImageView+WebCache.m in Sources */,
				CC4CADFB1CB2683200041D09 /* MGTabBarController.m in Sources */,
				CC4CAE651CB268BF00041D09 /* SDImageCache.m in Sources */,
				CC4CAE9F1CB268C700041D09 /* README.md in Sources */,
				CC4CAEA11CB268C700041D09 /* AFImageDownloader.m in Sources */,
				CC4CAE6A1CB268BF00041D09 /* SDWebImageManager.m in Sources */,
				CC4CAE301CB268B800041D09 /* MJRefreshFooter.m in Sources */,
				CC4CAF231CB2DF3000041D09 /* MGMarketViewController.m in Sources */,
				CC4CAEA41CB268C700041D09 /* UIButton+AFNetworking.m in Sources */,
				CC4CAE341CB268B800041D09 /* MJRefreshAutoStateFooter.m in Sources */,
				CC4CADF11CB2369E00041D09 /* SVIndefiniteAnimatedView.m in Sources */,
				CC4CAE401CB268B800041D09 /* README.md in Sources */,
				CC4CAE2F1CB268B800041D09 /* MJRefreshComponent.m in Sources */,
				CC4CAE991CB268C700041D09 /* AFNetworkReachabilityManager.m in Sources */,
				CC4CAE661CB268BF00041D09 /* SDWebImageCompat.m in Sources */,
				CC4CAE321CB268B800041D09 /* MJRefreshAutoGifFooter.m in Sources */,
				CC4CAE6F1CB268BF00041D09 /* UIImageView+HighlightedWebCache.m in Sources */,
				CC4CAE391CB268B800041D09 /* MJRefreshNormalHeader.m in Sources */,
				CC4CAE671CB268BF00041D09 /* SDWebImageDecoder.m in Sources */,
				CC4CAE3D1CB268B800041D09 /* UIScrollView+MJExtension.m in Sources */,
				CC4CAE361CB268B800041D09 /* MJRefreshBackNormalFooter.m in Sources */,
				CC4CAE9A1CB268C700041D09 /* AFSecurityPolicy.m in Sources */,
				CC4CAEA61CB268C700041D09 /* UIProgressView+AFNetworking.m in Sources */,
				CC4CAE3C1CB268B800041D09 /* MJRefreshConst.m in Sources */,
				CC4CAE9C1CB268C700041D09 /* AFURLResponseSerialization.m in Sources */,
				CC4CAE331CB268B800041D09 /* MJRefreshAutoNormalFooter.m in Sources */,
				CC4CAF1A1CB2DAAE00041D09 /* MGAdvertViewController.m in Sources */,
				CC4CAE371CB268B800041D09 /* MJRefreshBackStateFooter.m in Sources */,
				CC4CADAB1CB230FF00041D09 /* AppDelegate.m in Sources */,
				CC4CADF01CB2369E00041D09 /* README.md in Sources */,
				CC4CAE631CB268BF00041D09 /* README.md in Sources */,
				CC4CAE9B1CB268C700041D09 /* AFURLRequestSerialization.m in Sources */,
				CC4CAE6E1CB268BF00041D09 /* UIImage+MultiFormat.m in Sources */,
				CC4CAF291CB2DF4E00041D09 /* MGCartViewController.m in Sources */,
				CC4CAE381CB268B800041D09 /* MJRefreshGifHeader.m in Sources */,
				CC4CADA81CB230FF00041D09 /* main.m in Sources */,
				CC4CAEA01CB268C700041D09 /* AFAutoPurgingImageCache.m in Sources */,
				CC4CAE641CB268BF00041D09 /* NSData+ImageContentType.m in Sources */,
				CC4CAE6C1CB268BF00041D09 /* UIButton+WebCache.m in Sources */,
				CC4CAE3F1CB268B800041D09 /* UIView+MJExtension.m in Sources */,
				CC4CAEA31CB268C700041D09 /* UIActivityIndicatorView+AFNetworking.m in Sources */,
				CC4CAF261CB2DF3D00041D09 /* MGMineViewController.m in Sources */,
				CC4CAE311CB268B800041D09 /* MJRefreshHeader.m in Sources */,
				CC4CAE6D1CB268BF00041D09 /* UIImage+GIF.m in Sources */,
				CC4CAE981CB268C700041D09 /* AFHTTPSessionManager.m in Sources */,
				CC4CAEA51CB268C700041D09 /* UIImageView+AFNetworking.m in Sources */,
				CC4CAEA21CB268C700041D09 /* AFNetworkActivityIndicatorManager.m in Sources */,
				CC4CAE681CB268BF00041D09 /* SDWebImageDownloader.m in Sources */,
				CC4CAE9D1CB268C700041D09 /* AFURLSessionManager.m in Sources */,
				CC4CADF31CB2369E00041D09 /* SVProgressHUD.m in Sources */,
				CC4CAE3A1CB268B800041D09 /* MJRefreshStateHeader.m in Sources */,
				CC4CAF2C1CB2DF7700041D09 /* UIColor+MG.m in Sources */,
				CC4CAEA71CB268C700041D09 /* UIRefreshControl+AFNetworking.m in Sources */,
				CC4CAF201CB2DF1000041D09 /* MGHomeViewController.m in Sources */,
				CC4CAE2E1CB268B800041D09 /* MJRefreshBackFooter.m in Sources */,
				CC4CAE3E1CB268B800041D09 /* UIScrollView+MJRefresh.m in Sources */,
				CC4CAF2F1CB2E2BD00041D09 /* MGNavigationController.m in Sources */,
				CC4CAEA81CB268C700041D09 /* UIWebView+AFNetworking.m in Sources */,
				CC4CAE2D1CB268B800041D09 /* MJRefreshAutoFooter.m in Sources */,
				CC4CADF81CB2371600041D09 /* MGConst.m in Sources */,
				CC4CAE351CB268B800041D09 /* MJRefreshBackGifFooter.m in Sources */,
			);
			runOnlyForDeploymentPostprocessing = 0;
		};
		CC4CADB81CB230FF00041D09 /* Sources */ = {
			isa = PBXSourcesBuildPhase;
			buildActionMask = 2147483647;
			files = (
				CC4CADC11CB230FF00041D09 /* MGLoveFreshBeenTests.m in Sources */,
			);
			runOnlyForDeploymentPostprocessing = 0;
		};
/* End PBXSourcesBuildPhase section */

/* Begin PBXTargetDependency section */
		CC4CADBE1CB230FF00041D09 /* PBXTargetDependency */ = {
			isa = PBXTargetDependency;
			target = CC4CADA21CB230FF00041D09 /* MGLoveFreshBeen */;
			targetProxy = CC4CADBD1CB230FF00041D09 /* PBXContainerItemProxy */;
		};
/* End PBXTargetDependency section */

/* Begin PBXVariantGroup section */
		CC4CADAF1CB230FF00041D09 /* Main.storyboard */ = {
			isa = PBXVariantGroup;
			children = (
				CC4CADB01CB230FF00041D09 /* Base */,
			);
			name = Main.storyboard;
			path = .;
			sourceTree = "<group>";
		};
		CC4CADB41CB230FF00041D09 /* LaunchScreen.storyboard */ = {
			isa = PBXVariantGroup;
			children = (
				CC4CADB51CB230FF00041D09 /* Base */,
			);
			name = LaunchScreen.storyboard;
			path = .;
			sourceTree = "<group>";
		};
/* End PBXVariantGroup section */

/* Begin XCBuildConfiguration section */
		CC4CADC31CB230FF00041D09 /* Debug */ = {
			isa = XCBuildConfiguration;
			buildSettings = {
				ALWAYS_SEARCH_USER_PATHS = NO;
				CLANG_CXX_LANGUAGE_STANDARD = "gnu++0x";
				CLANG_CXX_LIBRARY = "libc++";
				CLANG_ENABLE_MODULES = YES;
				CLANG_ENABLE_OBJC_ARC = YES;
				CLANG_WARN_BOOL_CONVERSION = YES;
				CLANG_WARN_CONSTANT_CONVERSION = YES;
				CLANG_WARN_DIRECT_OBJC_ISA_USAGE = YES_ERROR;
				CLANG_WARN_EMPTY_BODY = YES;
				CLANG_WARN_ENUM_CONVERSION = YES;
				CLANG_WARN_INT_CONVERSION = YES;
				CLANG_WARN_OBJC_ROOT_CLASS = YES_ERROR;
				CLANG_WARN_UNREACHABLE_CODE = YES;
				CLANG_WARN__DUPLICATE_METHOD_MATCH = YES;
				"CODE_SIGN_IDENTITY[sdk=iphoneos*]" = "iPhone Developer";
				COPY_PHASE_STRIP = NO;
				DEBUG_INFORMATION_FORMAT = dwarf;
				ENABLE_STRICT_OBJC_MSGSEND = YES;
				ENABLE_TESTABILITY = YES;
				GCC_C_LANGUAGE_STANDARD = gnu99;
				GCC_DYNAMIC_NO_PIC = NO;
				GCC_NO_COMMON_BLOCKS = YES;
				GCC_OPTIMIZATION_LEVEL = 0;
				GCC_PREPROCESSOR_DEFINITIONS = (
					"DEBUG=1",
					"$(inherited)",
				);
				GCC_WARN_64_TO_32_BIT_CONVERSION = YES;
				GCC_WARN_ABOUT_RETURN_TYPE = YES_ERROR;
				GCC_WARN_UNDECLARED_SELECTOR = YES;
				GCC_WARN_UNINITIALIZED_AUTOS = YES_AGGRESSIVE;
				GCC_WARN_UNUSED_FUNCTION = YES;
				GCC_WARN_UNUSED_VARIABLE = YES;
				IPHONEOS_DEPLOYMENT_TARGET = 9.2;
				MTL_ENABLE_DEBUG_INFO = YES;
				ONLY_ACTIVE_ARCH = YES;
				SDKROOT = iphoneos;
			};
			name = Debug;
		};
		CC4CADC41CB230FF00041D09 /* Release */ = {
			isa = XCBuildConfiguration;
			buildSettings = {
				ALWAYS_SEARCH_USER_PATHS = NO;
				CLANG_CXX_LANGUAGE_STANDARD = "gnu++0x";
				CLANG_CXX_LIBRARY = "libc++";
				CLANG_ENABLE_MODULES = YES;
				CLANG_ENABLE_OBJC_ARC = YES;
				CLANG_WARN_BOOL_CONVERSION = YES;
				CLANG_WARN_CONSTANT_CONVERSION = YES;
				CLANG_WARN_DIRECT_OBJC_ISA_USAGE = YES_ERROR;
				CLANG_WARN_EMPTY_BODY = YES;
				CLANG_WARN_ENUM_CONVERSION = YES;
				CLANG_WARN_INT_CONVERSION = YES;
				CLANG_WARN_OBJC_ROOT_CLASS = YES_ERROR;
				CLANG_WARN_UNREACHABLE_CODE = YES;
				CLANG_WARN__DUPLICATE_METHOD_MATCH = YES;
				"CODE_SIGN_IDENTITY[sdk=iphoneos*]" = "iPhone Developer";
				COPY_PHASE_STRIP = NO;
				DEBUG_INFORMATION_FORMAT = "dwarf-with-dsym";
				ENABLE_NS_ASSERTIONS = NO;
				ENABLE_STRICT_OBJC_MSGSEND = YES;
				GCC_C_LANGUAGE_STANDARD = gnu99;
				GCC_NO_COMMON_BLOCKS = YES;
				GCC_WARN_64_TO_32_BIT_CONVERSION = YES;
				GCC_WARN_ABOUT_RETURN_TYPE = YES_ERROR;
				GCC_WARN_UNDECLARED_SELECTOR = YES;
				GCC_WARN_UNINITIALIZED_AUTOS = YES_AGGRESSIVE;
				GCC_WARN_UNUSED_FUNCTION = YES;
				GCC_WARN_UNUSED_VARIABLE = YES;
				IPHONEOS_DEPLOYMENT_TARGET = 9.2;
				MTL_ENABLE_DEBUG_INFO = NO;
				SDKROOT = iphoneos;
				VALIDATE_PRODUCT = YES;
			};
			name = Release;
		};
		CC4CADC61CB230FF00041D09 /* Debug */ = {
			isa = XCBuildConfiguration;
			buildSettings = {
				ASSETCATALOG_COMPILER_APPICON_NAME = AppIcon;
				ASSETCATALOG_COMPILER_LAUNCHIMAGE_NAME = ALaunchImage;
				FRAMEWORK_SEARCH_PATHS = (
					"$(inherited)",
					"$(PROJECT_DIR)/MGLoveFreshBeen/Classes/Other-其他/Vendor/UMengSDK/UMSocial_Sdk_Extra_Frameworks/TencentOpenAPI",
				);
				GCC_PREFIX_HEADER = "MGLoveFreshBeen/Classes/Other-其他/PrefixHeader.pch";
				INFOPLIST_FILE = "MGLoveFreshBeen/Supporting Files/Info.plist";
				IPHONEOS_DEPLOYMENT_TARGET = 8.1;
				LD_RUNPATH_SEARCH_PATHS = "$(inherited) @executable_path/Frameworks";
				LIBRARY_SEARCH_PATHS = (
					"$(inherited)",
					"$(PROJECT_DIR)/MGLoveFreshBeen/Classes/Other-其他/Vendor/UMengSDK/UMSocial_Sdk_4.4",
					"$(PROJECT_DIR)/MGLoveFreshBeen/Classes/Other-其他/Vendor/UMengSDK/UMSocial_Sdk_Extra_Frameworks/SinaSSO",
					"$(PROJECT_DIR)/MGLoveFreshBeen/Classes/Other-其他/Vendor/UMengSDK/UMSocial_Sdk_Extra_Frameworks/TencentOpenAPI",
					"$(PROJECT_DIR)/MGLoveFreshBeen/Classes/Other-其他/Vendor/UMengSDK/UMSocial_Sdk_Extra_Frameworks/Wechat",
				);
				PRODUCT_BUNDLE_IDENTIFIER = com.mg.MGLoveFreshBeen;
				PRODUCT_NAME = "$(TARGET_NAME)";
			};
			name = Debug;
		};
		CC4CADC71CB230FF00041D09 /* Release */ = {
			isa = XCBuildConfiguration;
			buildSettings = {
				ASSETCATALOG_COMPILER_APPICON_NAME = AppIcon;
				ASSETCATALOG_COMPILER_LAUNCHIMAGE_NAME = ALaunchImage;
				FRAMEWORK_SEARCH_PATHS = (
					"$(inherited)",
					"$(PROJECT_DIR)/MGLoveFreshBeen/Classes/Other-其他/Vendor/UMengSDK/UMSocial_Sdk_Extra_Frameworks/TencentOpenAPI",
				);
				GCC_PREFIX_HEADER = "MGLoveFreshBeen/Classes/Other-其他/PrefixHeader.pch";
				INFOPLIST_FILE = "MGLoveFreshBeen/Supporting Files/Info.plist";
				IPHONEOS_DEPLOYMENT_TARGET = 8.1;
				LD_RUNPATH_SEARCH_PATHS = "$(inherited) @executable_path/Frameworks";
				LIBRARY_SEARCH_PATHS = (
					"$(inherited)",
					"$(PROJECT_DIR)/MGLoveFreshBeen/Classes/Other-其他/Vendor/UMengSDK/UMSocial_Sdk_4.4",
					"$(PROJECT_DIR)/MGLoveFreshBeen/Classes/Other-其他/Vendor/UMengSDK/UMSocial_Sdk_Extra_Frameworks/SinaSSO",
					"$(PROJECT_DIR)/MGLoveFreshBeen/Classes/Other-其他/Vendor/UMengSDK/UMSocial_Sdk_Extra_Frameworks/TencentOpenAPI",
					"$(PROJECT_DIR)/MGLoveFreshBeen/Classes/Other-其他/Vendor/UMengSDK/UMSocial_Sdk_Extra_Frameworks/Wechat",
				);
				PRODUCT_BUNDLE_IDENTIFIER = com.mg.MGLoveFreshBeen;
				PRODUCT_NAME = "$(TARGET_NAME)";
			};
			name = Release;
		};
		CC4CADC91CB230FF00041D09 /* Debug */ = {
			isa = XCBuildConfiguration;
			buildSettings = {
				BUNDLE_LOADER = "$(TEST_HOST)";
				INFOPLIST_FILE = MGLoveFreshBeenTests/Info.plist;
				LD_RUNPATH_SEARCH_PATHS = "$(inherited) @executable_path/Frameworks @loader_path/Frameworks";
				PRODUCT_BUNDLE_IDENTIFIER = com.mg.MGLoveFreshBeenTests;
				PRODUCT_NAME = "$(TARGET_NAME)";
				TEST_HOST = "$(BUILT_PRODUCTS_DIR)/MGLoveFreshBeen.app/MGLoveFreshBeen";
			};
			name = Debug;
		};
		CC4CADCA1CB230FF00041D09 /* Release */ = {
			isa = XCBuildConfiguration;
			buildSettings = {
				BUNDLE_LOADER = "$(TEST_HOST)";
				INFOPLIST_FILE = MGLoveFreshBeenTests/Info.plist;
				LD_RUNPATH_SEARCH_PATHS = "$(inherited) @executable_path/Frameworks @loader_path/Frameworks";
				PRODUCT_BUNDLE_IDENTIFIER = com.mg.MGLoveFreshBeenTests;
				PRODUCT_NAME = "$(TARGET_NAME)";
				TEST_HOST = "$(BUILT_PRODUCTS_DIR)/MGLoveFreshBeen.app/MGLoveFreshBeen";
			};
			name = Release;
		};
/* End XCBuildConfiguration section */

/* Begin XCConfigurationList section */
		CC4CAD9E1CB230FF00041D09 /* Build configuration list for PBXProject "MGLoveFreshBeen" */ = {
			isa = XCConfigurationList;
			buildConfigurations = (
				CC4CADC31CB230FF00041D09 /* Debug */,
				CC4CADC41CB230FF00041D09 /* Release */,
			);
			defaultConfigurationIsVisible = 0;
			defaultConfigurationName = Release;
		};
		CC4CADC51CB230FF00041D09 /* Build configuration list for PBXNativeTarget "MGLoveFreshBeen" */ = {
			isa = XCConfigurationList;
			buildConfigurations = (
				CC4CADC61CB230FF00041D09 /* Debug */,
				CC4CADC71CB230FF00041D09 /* Release */,
			);
			defaultConfigurationIsVisible = 0;
			defaultConfigurationName = Release;
		};
		CC4CADC81CB230FF00041D09 /* Build configuration list for PBXNativeTarget "MGLoveFreshBeenTests" */ = {
			isa = XCConfigurationList;
			buildConfigurations = (
				CC4CADC91CB230FF00041D09 /* Debug */,
				CC4CADCA1CB230FF00041D09 /* Release */,
			);
			defaultConfigurationIsVisible = 0;
			defaultConfigurationName = Release;
		};
/* End XCConfigurationList section */
	};
	rootObject = CC4CAD9B1CB230FF00041D09 /* Project object */;
}
